// !$*UTF8*$!
{
	archiveVersion = 1;
	classes = {
	};
	objectVersion = 46;
	objects = {

/* Begin PBXBuildFile section */
		728EC0C6A600767FB2C10561 /* Pods_FocusPlan.framework in Frameworks */ = {isa = PBXBuildFile; fileRef = FE19EC429800EA42F114C446 /* Pods_FocusPlan.framework */; };
		99078BF51EAF1CD000C3B789 /* AppDelegate.swift in Sources */ = {isa = PBXBuildFile; fileRef = 99078BF41EAF1CD000C3B789 /* AppDelegate.swift */; };
		99078BFA1EAF1CD000C3B789 /* FocusPlan.xcdatamodeld in Sources */ = {isa = PBXBuildFile; fileRef = 99078BF81EAF1CD000C3B789 /* FocusPlan.xcdatamodeld */; };
		99078BFC1EAF1CD000C3B789 /* Assets.xcassets in Resources */ = {isa = PBXBuildFile; fileRef = 99078BFB1EAF1CD000C3B789 /* Assets.xcassets */; };
		990A18061EAF3C5A00DCE839 /* MainMenu.xib in Resources */ = {isa = PBXBuildFile; fileRef = 990A18051EAF3C5A00DCE839 /* MainMenu.xib */; };
		990A18091EAF3D2300DCE839 /* ProjectsViewController.swift in Sources */ = {isa = PBXBuildFile; fileRef = 990A18071EAF3D2300DCE839 /* ProjectsViewController.swift */; };
		990A180A1EAF3D2300DCE839 /* ProjectsViewController.xib in Resources */ = {isa = PBXBuildFile; fileRef = 990A18081EAF3D2300DCE839 /* ProjectsViewController.xib */; };
		990A180C1EAF3D9700DCE839 /* MainWindow.swift in Sources */ = {isa = PBXBuildFile; fileRef = 990A180B1EAF3D9700DCE839 /* MainWindow.swift */; };
		99169FDF1ED5DDE200BFB4F2 /* Config.swift in Sources */ = {isa = PBXBuildFile; fileRef = 99169FDE1ED5DDE200BFB4F2 /* Config.swift */; };
		99169FE11ED5DEBE00BFB4F2 /* AppDelegate+TrialChecking.swift in Sources */ = {isa = PBXBuildFile; fileRef = 99169FE01ED5DEBE00BFB4F2 /* AppDelegate+TrialChecking.swift */; };
		99169FE31ED5DF5D00BFB4F2 /* KeychainAccess.framework in Frameworks */ = {isa = PBXBuildFile; fileRef = 99169FE21ED5DF5D00BFB4F2 /* KeychainAccess.framework */; };
		99169FE41ED5DF5E00BFB4F2 /* KeychainAccess.framework in Frameworks */ = {isa = PBXBuildFile; fileRef = 99169FE21ED5DF5D00BFB4F2 /* KeychainAccess.framework */; };
		99169FE51ED5DF5E00BFB4F2 /* KeychainAccess.framework in Embed Frameworks */ = {isa = PBXBuildFile; fileRef = 99169FE21ED5DF5D00BFB4F2 /* KeychainAccess.framework */; settings = {ATTRIBUTES = (CodeSignOnCopy, RemoveHeadersOnCopy, ); }; };
		99169FE91ED5EBFF00BFB4F2 /* TrialButtonViewController.swift in Sources */ = {isa = PBXBuildFile; fileRef = 99169FE71ED5EBFF00BFB4F2 /* TrialButtonViewController.swift */; };
		99169FEA1ED5EBFF00BFB4F2 /* TrialButtonViewController.xib in Resources */ = {isa = PBXBuildFile; fileRef = 99169FE81ED5EBFF00BFB4F2 /* TrialButtonViewController.xib */; };
		991AEBEC1F5D1D3F00A7ECE2 /* CalendarCollectionItemView+Drawing.swift in Sources */ = {isa = PBXBuildFile; fileRef = 991AEBEB1F5D1D3F00A7ECE2 /* CalendarCollectionItemView+Drawing.swift */; };
		991AEBEE1F5D1DD000A7ECE2 /* CalendarCollectionItemView+Types.swift in Sources */ = {isa = PBXBuildFile; fileRef = 991AEBED1F5D1DD000A7ECE2 /* CalendarCollectionItemView+Types.swift */; };
		991AEBF21F5D209C00A7ECE2 /* CalendarCollectionItemStyle.swift in Sources */ = {isa = PBXBuildFile; fileRef = 991AEBF11F5D209C00A7ECE2 /* CalendarCollectionItemStyle.swift */; };
		991E7AFA1EB064FE0086A9D9 /* Project+Reactive.swift in Sources */ = {isa = PBXBuildFile; fileRef = 991E7AF91EB064FE0086A9D9 /* Project+Reactive.swift */; };
		991E7B1E1EB06A340086A9D9 /* NiceReactive.framework in Frameworks */ = {isa = PBXBuildFile; fileRef = 991E7B1D1EB06A340086A9D9 /* NiceReactive.framework */; };
		991E7B1F1EB06A380086A9D9 /* NiceReactive.framework in Embed Frameworks */ = {isa = PBXBuildFile; fileRef = 991E7B1D1EB06A340086A9D9 /* NiceReactive.framework */; settings = {ATTRIBUTES = (CodeSignOnCopy, RemoveHeadersOnCopy, ); }; };
		991E7B231EB071C20086A9D9 /* TasksViewController.swift in Sources */ = {isa = PBXBuildFile; fileRef = 991E7B211EB071C20086A9D9 /* TasksViewController.swift */; };
		991E7B241EB071C20086A9D9 /* TasksViewController.xib in Resources */ = {isa = PBXBuildFile; fileRef = 991E7B221EB071C20086A9D9 /* TasksViewController.xib */; };
		991E7B291EB082C60086A9D9 /* TaskTitleTableCellView.swift in Sources */ = {isa = PBXBuildFile; fileRef = 991E7B281EB082C60086A9D9 /* TaskTitleTableCellView.swift */; };
		991E7B2B1EB082FE0086A9D9 /* Task+Reactive.swift in Sources */ = {isa = PBXBuildFile; fileRef = 991E7B2A1EB082FE0086A9D9 /* Task+Reactive.swift */; };
		991E7B2D1EB085EF0086A9D9 /* TasksOutlineView.swift in Sources */ = {isa = PBXBuildFile; fileRef = 991E7B2C1EB085EF0086A9D9 /* TasksOutlineView.swift */; };
		991E7B301EB0865F0086A9D9 /* NSOutlineView+Extensions.swift in Sources */ = {isa = PBXBuildFile; fileRef = 991E7B2F1EB0865F0086A9D9 /* NSOutlineView+Extensions.swift */; };
		991E7B341EB093690086A9D9 /* TasksRowView.swift in Sources */ = {isa = PBXBuildFile; fileRef = 991E7B331EB093690086A9D9 /* TasksRowView.swift */; };
		991E7B361EB0B9660086A9D9 /* TaskEstimateTableCellView.swift in Sources */ = {isa = PBXBuildFile; fileRef = 991E7B351EB0B9660086A9D9 /* TaskEstimateTableCellView.swift */; };
		991E7B381EB0BEF00086A9D9 /* String+Extensions.swift in Sources */ = {isa = PBXBuildFile; fileRef = 991E7B371EB0BEF00086A9D9 /* String+Extensions.swift */; };
		991E7B3C1EB0E80A0086A9D9 /* EditableTableCellView.swift in Sources */ = {isa = PBXBuildFile; fileRef = 991E7B3B1EB0E80A0086A9D9 /* EditableTableCellView.swift */; };
		9932F5901F0A5A82002844F1 /* ProjectFieldTipsController.xib in Resources */ = {isa = PBXBuildFile; fileRef = 9932F58C1F0A5A81002844F1 /* ProjectFieldTipsController.xib */; };
		9932F5911F0A5A82002844F1 /* ProjectFieldTipsController.swift in Sources */ = {isa = PBXBuildFile; fileRef = 9932F58D1F0A5A81002844F1 /* ProjectFieldTipsController.swift */; };
		9932F5921F0A5A82002844F1 /* ProjectField.swift in Sources */ = {isa = PBXBuildFile; fileRef = 9932F58E1F0A5A81002844F1 /* ProjectField.swift */; };
		9932F5931F0A5A82002844F1 /* ProjectFieldTipCell.swift in Sources */ = {isa = PBXBuildFile; fileRef = 9932F58F1F0A5A82002844F1 /* ProjectFieldTipCell.swift */; };
		9933E31E1EC047CE00774BD4 /* YellowView.swift in Sources */ = {isa = PBXBuildFile; fileRef = 9933E31D1EC047CE00774BD4 /* YellowView.swift */; };
		9933E49C1EB9BC6200B1CE85 /* PomodoroType.swift in Sources */ = {isa = PBXBuildFile; fileRef = 9933E49B1EB9BC6200B1CE85 /* PomodoroType.swift */; };
		9933E49E1EB9C84600B1CE85 /* CalendarCollectionItemView.swift in Sources */ = {isa = PBXBuildFile; fileRef = 9933E49D1EB9C84600B1CE85 /* CalendarCollectionItemView.swift */; };
		9933E4A01EBA13CF00B1CE85 /* CalendarSectionLine.swift in Sources */ = {isa = PBXBuildFile; fileRef = 9933E49F1EBA13CF00B1CE85 /* CalendarSectionLine.swift */; };
		9933E4A21EBA176500B1CE85 /* CalendarSectionLabel.swift in Sources */ = {isa = PBXBuildFile; fileRef = 9933E4A11EBA176500B1CE85 /* CalendarSectionLabel.swift */; };
		993550321EC99D33004B6D23 /* AlertHelper.swift in Sources */ = {isa = PBXBuildFile; fileRef = 993550311EC99D33004B6D23 /* AlertHelper.swift */; };
		994063C61EB7028500E09165 /* SwiftDate.framework in Frameworks */ = {isa = PBXBuildFile; fileRef = 994063C51EB7028500E09165 /* SwiftDate.framework */; };
		994063C71EB7028A00E09165 /* SwiftDate.framework in Embed Frameworks */ = {isa = PBXBuildFile; fileRef = 994063C51EB7028500E09165 /* SwiftDate.framework */; settings = {ATTRIBUTES = (CodeSignOnCopy, RemoveHeadersOnCopy, ); }; };
		994063C91EB7035400E09165 /* Date+Extensions.swift in Sources */ = {isa = PBXBuildFile; fileRef = 994063C81EB7035400E09165 /* Date+Extensions.swift */; };
		994063CB1EB70ECA00E09165 /* CalendarHourHeader.xib in Resources */ = {isa = PBXBuildFile; fileRef = 994063CA1EB70ECA00E09165 /* CalendarHourHeader.xib */; };
		994063CD1EB70F6400E09165 /* CalendarHourHeader.swift in Sources */ = {isa = PBXBuildFile; fileRef = 994063CC1EB70F6400E09165 /* CalendarHourHeader.swift */; };
		994063CF1EB715DA00E09165 /* CalendarTimeLine.swift in Sources */ = {isa = PBXBuildFile; fileRef = 994063CE1EB715DA00E09165 /* CalendarTimeLine.swift */; };
		994063D11EB72B2A00E09165 /* TaskProjectTableCellView.swift in Sources */ = {isa = PBXBuildFile; fileRef = 994063D01EB72B2A00E09165 /* TaskProjectTableCellView.swift */; };
		994063D41EB75E5D00E09165 /* TimerFrameView.swift in Sources */ = {isa = PBXBuildFile; fileRef = 994063D31EB75E5D00E09165 /* TimerFrameView.swift */; };
		994063D61EB761D000E09165 /* TimerViewController.swift in Sources */ = {isa = PBXBuildFile; fileRef = 994063D51EB761D000E09165 /* TimerViewController.swift */; };
		994208351EC2EE4800CB4D4E /* PlanViewController+Types.swift in Sources */ = {isa = PBXBuildFile; fileRef = 994208341EC2EE4800CB4D4E /* PlanViewController+Types.swift */; };
		994208381EC2FF5600CB4D4E /* MenubarController.swift in Sources */ = {isa = PBXBuildFile; fileRef = 994208371EC2FF5600CB4D4E /* MenubarController.swift */; };
		9946F6281F5E7E41009F914D /* CalendarHeaderView.swift in Sources */ = {isa = PBXBuildFile; fileRef = 9946F6271F5E7E41009F914D /* CalendarHeaderView.swift */; };
		9946F62A1F5E7EDB009F914D /* HeaderLabel.swift in Sources */ = {isa = PBXBuildFile; fileRef = 9946F6291F5E7EDB009F914D /* HeaderLabel.swift */; };
		994F0A211EC5750B00562B7A /* ProjectsViewController+Types.swift in Sources */ = {isa = PBXBuildFile; fileRef = 994F0A201EC5750B00562B7A /* ProjectsViewController+Types.swift */; };
		994F0A251EC588DE00562B7A /* PreferencesController.swift in Sources */ = {isa = PBXBuildFile; fileRef = 994F0A231EC588DE00562B7A /* PreferencesController.swift */; };
		994F0A261EC588DE00562B7A /* PreferencesController.xib in Resources */ = {isa = PBXBuildFile; fileRef = 994F0A241EC588DE00562B7A /* PreferencesController.xib */; };
		994F0A2C1EC5957200562B7A /* UserDefaults+Extensions.swift in Sources */ = {isa = PBXBuildFile; fileRef = 994F0A2B1EC5957200562B7A /* UserDefaults+Extensions.swift */; };
		997BAE151F0290D70072681B /* NiceSplitView.swift in Sources */ = {isa = PBXBuildFile; fileRef = 997BAE141F0290D70072681B /* NiceSplitView.swift */; };
		997F5D561F0BA7F800F0EBC1 /* CalendarResizeHandleView.swift in Sources */ = {isa = PBXBuildFile; fileRef = 997F5D551F0BA7F800F0EBC1 /* CalendarResizeHandleView.swift */; };
		997F5D581F0BFED800F0EBC1 /* CalendarTimerView.swift in Sources */ = {isa = PBXBuildFile; fileRef = 997F5D571F0BFED800F0EBC1 /* CalendarTimerView.swift */; };
		997FFBCE1EAF7DB200ABEA01 /* ReactiveCocoa.framework in Frameworks */ = {isa = PBXBuildFile; fileRef = 997FFBC61EAF7DA900ABEA01 /* ReactiveCocoa.framework */; };
		997FFBCF1EAF7DB200ABEA01 /* ReactiveCocoa.framework in Embed Frameworks */ = {isa = PBXBuildFile; fileRef = 997FFBC61EAF7DA900ABEA01 /* ReactiveCocoa.framework */; settings = {ATTRIBUTES = (CodeSignOnCopy, RemoveHeadersOnCopy, ); }; };
		997FFBD01EAF7DB200ABEA01 /* ReactiveSwift.framework in Frameworks */ = {isa = PBXBuildFile; fileRef = 997FFBC71EAF7DA900ABEA01 /* ReactiveSwift.framework */; };
		997FFBD11EAF7DB200ABEA01 /* ReactiveSwift.framework in Embed Frameworks */ = {isa = PBXBuildFile; fileRef = 997FFBC71EAF7DA900ABEA01 /* ReactiveSwift.framework */; settings = {ATTRIBUTES = (CodeSignOnCopy, RemoveHeadersOnCopy, ); }; };
		997FFBD21EAF7DB200ABEA01 /* Result.framework in Frameworks */ = {isa = PBXBuildFile; fileRef = 997FFBC81EAF7DA900ABEA01 /* Result.framework */; };
		997FFBD31EAF7DB200ABEA01 /* Result.framework in Embed Frameworks */ = {isa = PBXBuildFile; fileRef = 997FFBC81EAF7DA900ABEA01 /* Result.framework */; settings = {ATTRIBUTES = (CodeSignOnCopy, RemoveHeadersOnCopy, ); }; };
		997FFBD61EAF7DB200ABEA01 /* Cartography.framework in Frameworks */ = {isa = PBXBuildFile; fileRef = 9922F1191EAF656000BFA01F /* Cartography.framework */; };
		997FFBD71EAF7DB200ABEA01 /* Cartography.framework in Embed Frameworks */ = {isa = PBXBuildFile; fileRef = 9922F1191EAF656000BFA01F /* Cartography.framework */; settings = {ATTRIBUTES = (CodeSignOnCopy, RemoveHeadersOnCopy, ); }; };
		9981560D1EB76ECB0057ECD0 /* TimerEntry+Reactive.swift in Sources */ = {isa = PBXBuildFile; fileRef = 9981560C1EB76ECB0057ECD0 /* TimerEntry+Reactive.swift */; };
		998156101EB7761F0057ECD0 /* TimerState.swift in Sources */ = {isa = PBXBuildFile; fileRef = 9981560F1EB7761F0057ECD0 /* TimerState.swift */; };
		998156131EB778020057ECD0 /* NSButton+Reactive.swift in Sources */ = {isa = PBXBuildFile; fileRef = 998156121EB778020057ECD0 /* NSButton+Reactive.swift */; };
		998156171EB77DAE0057ECD0 /* ProjectColorView.swift in Sources */ = {isa = PBXBuildFile; fileRef = 998156161EB77DAE0057ECD0 /* ProjectColorView.swift */; };
		9981EB371F0A41040044F9F5 /* NiceKit.framework in Frameworks */ = {isa = PBXBuildFile; fileRef = 99EF84B21F06362300B24058 /* NiceKit.framework */; };
		9981EB381F0A41040044F9F5 /* NiceKit.framework in Embed Frameworks */ = {isa = PBXBuildFile; fileRef = 99EF84B21F06362300B24058 /* NiceKit.framework */; settings = {ATTRIBUTES = (CodeSignOnCopy, RemoveHeadersOnCopy, ); }; };
		998352D51EC4597300303E7D /* ClickableLabel.swift in Sources */ = {isa = PBXBuildFile; fileRef = 998352D41EC4597300303E7D /* ClickableLabel.swift */; };
		998352E01EC4A28200303E7D /* CustomTableRowView.swift in Sources */ = {isa = PBXBuildFile; fileRef = 998352DF1EC4A28200303E7D /* CustomTableRowView.swift */; };
		998352E21EC4BAEF00303E7D /* TaskPlanTableCellView.swift in Sources */ = {isa = PBXBuildFile; fileRef = 998352E11EC4BAEF00303E7D /* TaskPlanTableCellView.swift */; };
		998352E41EC4C12000303E7D /* TaskPlanWrapperView.swift in Sources */ = {isa = PBXBuildFile; fileRef = 998352E31EC4C12000303E7D /* TaskPlanWrapperView.swift */; };
		9983F9091EC0B5B0005E624A /* EditTimerEntryController.swift in Sources */ = {isa = PBXBuildFile; fileRef = 9983F9071EC0B5B0005E624A /* EditTimerEntryController.swift */; };
		9983F90A1EC0B5B0005E624A /* EditTimerEntryController.xib in Resources */ = {isa = PBXBuildFile; fileRef = 9983F9081EC0B5B0005E624A /* EditTimerEntryController.xib */; };
		998746CA1EB360320079215B /* BacklogViewController.swift in Sources */ = {isa = PBXBuildFile; fileRef = 998746C91EB360320079215B /* BacklogViewController.swift */; };
		998939021F63AD1A003E0CD5 /* NiceUI.framework in Frameworks */ = {isa = PBXBuildFile; fileRef = 998939011F63AD0C003E0CD5 /* NiceUI.framework */; };
		998939031F63AD1A003E0CD5 /* NiceUI.framework in Embed Frameworks */ = {isa = PBXBuildFile; fileRef = 998939011F63AD0C003E0CD5 /* NiceUI.framework */; settings = {ATTRIBUTES = (CodeSignOnCopy, RemoveHeadersOnCopy, ); }; };
		998939071F63AFE8003E0CD5 /* ProjectColorPicker.swift in Sources */ = {isa = PBXBuildFile; fileRef = 998939061F63AFE8003E0CD5 /* ProjectColorPicker.swift */; };
		998A0C3C1EC05712006CC99E /* CalendarCollectionView.swift in Sources */ = {isa = PBXBuildFile; fileRef = 998A0C3B1EC05712006CC99E /* CalendarCollectionView.swift */; };
		998AC3681EC61B1600559CB6 /* ReadOmnifocus.scpt in Resources */ = {isa = PBXBuildFile; fileRef = 998AC3671EC61B0A00559CB6 /* ReadOmnifocus.scpt */; };
		998AC36A1EC61D7200559CB6 /* ScriptingManager.swift in Sources */ = {isa = PBXBuildFile; fileRef = 998AC3691EC61D7200559CB6 /* ScriptingManager.swift */; };
		998AC36C1EC628F300559CB6 /* json.scpt in Resources */ = {isa = PBXBuildFile; fileRef = 998AC36B1EC628F300559CB6 /* json.scpt */; };
		999576181F04F4FA00DBED9B /* NiceClickGestureRecognizer.swift in Sources */ = {isa = PBXBuildFile; fileRef = 999576171F04F4FA00DBED9B /* NiceClickGestureRecognizer.swift */; };
		999576201F04FF4A00DBED9B /* check_fixed.json in Resources */ = {isa = PBXBuildFile; fileRef = 9995761F1F04FF3000DBED9B /* check_fixed.json */; };
		999890BD1EC5E2F600CAD209 /* Project+Extensions.swift in Sources */ = {isa = PBXBuildFile; fileRef = 999890BC1EC5E2F600CAD209 /* Project+Extensions.swift */; };
		999E65091EB361B20001AAB7 /* BacklogViewController.xib in Resources */ = {isa = PBXBuildFile; fileRef = 999E65081EB361B20001AAB7 /* BacklogViewController.xib */; };
		999E650D1EB362780001AAB7 /* PlanViewController.swift in Sources */ = {isa = PBXBuildFile; fileRef = 999E650B1EB362780001AAB7 /* PlanViewController.swift */; };
		999E650E1EB362780001AAB7 /* PlanViewController.xib in Resources */ = {isa = PBXBuildFile; fileRef = 999E650C1EB362780001AAB7 /* PlanViewController.xib */; };
		99A24EA71EB3591300C3F229 /* Palette.swift in Sources */ = {isa = PBXBuildFile; fileRef = 99A24EA61EB3591300C3F229 /* Palette.swift */; };
		99A79AFC1F6111800008BDA8 /* Testing.xib in Resources */ = {isa = PBXBuildFile; fileRef = 99A79AFB1F6111800008BDA8 /* Testing.xib */; };
		99B026D41EBC675F00533FE3 /* CalendarEventsCollection.swift in Sources */ = {isa = PBXBuildFile; fileRef = 99B026D31EBC675F00533FE3 /* CalendarEventsCollection.swift */; };
		99B026D61EBC7E9300533FE3 /* Sequence+Extensions.swift in Sources */ = {isa = PBXBuildFile; fileRef = 99B026D51EBC7E9300533FE3 /* Sequence+Extensions.swift */; };
		99B026DA1EBC941100533FE3 /* EditTaskViewController.swift in Sources */ = {isa = PBXBuildFile; fileRef = 99B026D81EBC941100533FE3 /* EditTaskViewController.swift */; };
		99B026DB1EBC941100533FE3 /* EditTaskViewController.xib in Resources */ = {isa = PBXBuildFile; fileRef = 99B026D91EBC941100533FE3 /* EditTaskViewController.xib */; };
		99B026DD1EBCA13200533FE3 /* SelectingTextField.swift in Sources */ = {isa = PBXBuildFile; fileRef = 99B026DC1EBCA13200533FE3 /* SelectingTextField.swift */; };
		99B026E11EBCBA4D00533FE3 /* BackgroundView.swift in Sources */ = {isa = PBXBuildFile; fileRef = 99B026E01EBCBA4D00533FE3 /* BackgroundView.swift */; };
		99B610101EB05D550098F69C /* Hue.framework in Frameworks */ = {isa = PBXBuildFile; fileRef = 99B6100F1EB05D550098F69C /* Hue.framework */; };
		99B610121EB05D570098F69C /* Hue.framework in Embed Frameworks */ = {isa = PBXBuildFile; fileRef = 99B6100F1EB05D550098F69C /* Hue.framework */; settings = {ATTRIBUTES = (CodeSignOnCopy, RemoveHeadersOnCopy, ); }; };
		99B610161EB0602A0098F69C /* ProjectTableCellView.swift in Sources */ = {isa = PBXBuildFile; fileRef = 99B610151EB0602A0098F69C /* ProjectTableCellView.swift */; };
		99BBB0241EB8BFB5002C603F /* TimerLane.swift in Sources */ = {isa = PBXBuildFile; fileRef = 99BBB0231EB8BFB5002C603F /* TimerLane.swift */; };
		99BBB0271EB8C270002C603F /* Formatting.swift in Sources */ = {isa = PBXBuildFile; fileRef = 99BBB0261EB8C270002C603F /* Formatting.swift */; };
		99C26C271F5FC5DC00D649A9 /* DayHeaderView.swift in Sources */ = {isa = PBXBuildFile; fileRef = 99C26C261F5FC5DC00D649A9 /* DayHeaderView.swift */; };
		99C26C291F5FC62D00D649A9 /* BorderView.swift in Sources */ = {isa = PBXBuildFile; fileRef = 99C26C281F5FC62D00D649A9 /* BorderView.swift */; };
		99C9A4241EC988D200AFF489 /* SwiftCSV.framework in Frameworks */ = {isa = PBXBuildFile; fileRef = 99C9A4231EC988D200AFF489 /* SwiftCSV.framework */; };
		99C9A4251EC988D600AFF489 /* SwiftCSV.framework in Frameworks */ = {isa = PBXBuildFile; fileRef = 99C9A4231EC988D200AFF489 /* SwiftCSV.framework */; };
		99C9A4261EC988D600AFF489 /* SwiftCSV.framework in Embed Frameworks */ = {isa = PBXBuildFile; fileRef = 99C9A4231EC988D200AFF489 /* SwiftCSV.framework */; settings = {ATTRIBUTES = (CodeSignOnCopy, RemoveHeadersOnCopy, ); }; };
		99D122EB1EB86D6C00D495DC /* CalendarEvent.swift in Sources */ = {isa = PBXBuildFile; fileRef = 99D122EA1EB86D6C00D495DC /* CalendarEvent.swift */; };
		99D122ED1EB8729A00D495DC /* TimerEntry+Extensions.swift in Sources */ = {isa = PBXBuildFile; fileRef = 99D122EC1EB8729A00D495DC /* TimerEntry+Extensions.swift */; };
		99D122EF1EB8A6C500D495DC /* MainWindowDelegate.swift in Sources */ = {isa = PBXBuildFile; fileRef = 99D122EE1EB8A6C500D495DC /* MainWindowDelegate.swift */; };
		99D122F11EB8A9D600D495DC /* TasksObserver.swift in Sources */ = {isa = PBXBuildFile; fileRef = 99D122F01EB8A9D600D495DC /* TasksObserver.swift */; };
		99D7ED781F02945800E1512C /* SecondaryBackgroundView.swift in Sources */ = {isa = PBXBuildFile; fileRef = 99D7ED771F02945800E1512C /* SecondaryBackgroundView.swift */; };
		99D7ED7A1F029A2D00E1512C /* TasksHeaderTableCellView.swift in Sources */ = {isa = PBXBuildFile; fileRef = 99D7ED791F029A2D00E1512C /* TasksHeaderTableCellView.swift */; };
		99D7ED7C1F02A1BB00E1512C /* ProjectsActionHeaderCell.swift in Sources */ = {isa = PBXBuildFile; fileRef = 99D7ED7B1F02A1BB00E1512C /* ProjectsActionHeaderCell.swift */; };
		99D7ED7E1F03D80C00E1512C /* ProjectsTableRowView.swift in Sources */ = {isa = PBXBuildFile; fileRef = 99D7ED7D1F03D80C00E1512C /* ProjectsTableRowView.swift */; };
		99D8C80C1EB3A16D00EA5001 /* NSManagedObjectModel+Extensions.swift in Sources */ = {isa = PBXBuildFile; fileRef = 99D8C80B1EB3A16D00EA5001 /* NSManagedObjectModel+Extensions.swift */; };
		99D8C8101EB3B51800EA5001 /* CalendarViewController.swift in Sources */ = {isa = PBXBuildFile; fileRef = 99D8C80E1EB3B51800EA5001 /* CalendarViewController.swift */; };
		99D8C8111EB3B51800EA5001 /* CalendarViewController.xib in Resources */ = {isa = PBXBuildFile; fileRef = 99D8C80F1EB3B51800EA5001 /* CalendarViewController.xib */; };
		99D8C8141EB3B6B600EA5001 /* CalendarCollectionItem.swift in Sources */ = {isa = PBXBuildFile; fileRef = 99D8C8121EB3B6B600EA5001 /* CalendarCollectionItem.swift */; };
		99D8C8151EB3B6B600EA5001 /* CalendarCollectionItem.xib in Resources */ = {isa = PBXBuildFile; fileRef = 99D8C8131EB3B6B600EA5001 /* CalendarCollectionItem.xib */; };
		99D8C8171EB3B81900EA5001 /* CalendarCollectionLayout.swift in Sources */ = {isa = PBXBuildFile; fileRef = 99D8C8161EB3B81900EA5001 /* CalendarCollectionLayout.swift */; };
		99D972261F04023500A18BC4 /* FocusPlanUITests.swift in Sources */ = {isa = PBXBuildFile; fileRef = 99D972251F04023500A18BC4 /* FocusPlanUITests.swift */; };
		99DA93591EC317B500817AF5 /* chime_reveal.aif in Resources */ = {isa = PBXBuildFile; fileRef = 99DA93581EC317B500817AF5 /* chime_reveal.aif */; };
		99DA935D1EC32E5900817AF5 /* SummaryRowViewController.swift in Sources */ = {isa = PBXBuildFile; fileRef = 99DA935B1EC32E5900817AF5 /* SummaryRowViewController.swift */; };
		99DA935E1EC32E5900817AF5 /* SummaryRowViewController.xib in Resources */ = {isa = PBXBuildFile; fileRef = 99DA935C1EC32E5900817AF5 /* SummaryRowViewController.xib */; };
		99DA93601EC32FE700817AF5 /* SummaryRowItem.xib in Resources */ = {isa = PBXBuildFile; fileRef = 99DA935F1EC32FE700817AF5 /* SummaryRowItem.xib */; };
		99DA93621EC349CC00817AF5 /* SummaryRowItem.swift in Sources */ = {isa = PBXBuildFile; fileRef = 99DA93611EC349CC00817AF5 /* SummaryRowItem.swift */; };
		99E6CD861EB6FEA0002A7966 /* Task+Extensions.swift in Sources */ = {isa = PBXBuildFile; fileRef = 99E6CD851EB6FEA0002A7966 /* Task+Extensions.swift */; };
		99EEDE391EAF855400662DED /* NiceData.framework in Frameworks */ = {isa = PBXBuildFile; fileRef = 99EEDE371EAF854200662DED /* NiceData.framework */; };
		99EEDE3A1EAF855400662DED /* NiceData.framework in Embed Frameworks */ = {isa = PBXBuildFile; fileRef = 99EEDE371EAF854200662DED /* NiceData.framework */; settings = {ATTRIBUTES = (CodeSignOnCopy, RemoveHeadersOnCopy, ); }; };
		99EEDE5D1EAF931500662DED /* ProjectsOutlineView.swift in Sources */ = {isa = PBXBuildFile; fileRef = 99EEDE5C1EAF931500662DED /* ProjectsOutlineView.swift */; };
		99FE0A8F1F0623F5008C69A5 /* Stylesheet.swift in Sources */ = {isa = PBXBuildFile; fileRef = 99FE0A8E1F0623F5008C69A5 /* Stylesheet.swift */; };
/* End PBXBuildFile section */

/* Begin PBXContainerItemProxy section */
		9981EB391F0A41040044F9F5 /* PBXContainerItemProxy */ = {
			isa = PBXContainerItemProxy;
			containerPortal = 99EF84AD1F06362300B24058 /* NiceKit.xcodeproj */;
			proxyType = 1;
			remoteGlobalIDString = 990A22EE1EAF406200DCE839;
			remoteInfo = NiceKit;
		};
		998939001F63AD0C003E0CD5 /* PBXContainerItemProxy */ = {
			isa = PBXContainerItemProxy;
			containerPortal = 998938FC1F63AD0C003E0CD5 /* NiceUI.xcodeproj */;
			proxyType = 2;
			remoteGlobalIDString = 99977E6F1EB054E100B31AF1;
			remoteInfo = NiceUI;
		};
		998939041F63AD1A003E0CD5 /* PBXContainerItemProxy */ = {
			isa = PBXContainerItemProxy;
			containerPortal = 998938FC1F63AD0C003E0CD5 /* NiceUI.xcodeproj */;
			proxyType = 1;
			remoteGlobalIDString = 99977E6E1EB054E100B31AF1;
			remoteInfo = NiceUI;
		};
		99D972281F04023500A18BC4 /* PBXContainerItemProxy */ = {
			isa = PBXContainerItemProxy;
			containerPortal = 99078BE91EAF1CD000C3B789 /* Project object */;
			proxyType = 1;
			remoteGlobalIDString = 99078BF01EAF1CD000C3B789;
			remoteInfo = FocusPlan;
		};
		99EF84B11F06362300B24058 /* PBXContainerItemProxy */ = {
			isa = PBXContainerItemProxy;
			containerPortal = 99EF84AD1F06362300B24058 /* NiceKit.xcodeproj */;
			proxyType = 2;
			remoteGlobalIDString = 990A22EF1EAF406200DCE839;
			remoteInfo = NiceKit;
		};
/* End PBXContainerItemProxy section */

/* Begin PBXCopyFilesBuildPhase section */
		997FFBDA1EAF7DB300ABEA01 /* Embed Frameworks */ = {
			isa = PBXCopyFilesBuildPhase;
			buildActionMask = 2147483647;
			dstPath = "";
			dstSubfolderSpec = 10;
			files = (
				997FFBD31EAF7DB200ABEA01 /* Result.framework in Embed Frameworks */,
				998939031F63AD1A003E0CD5 /* NiceUI.framework in Embed Frameworks */,
				991E7B1F1EB06A380086A9D9 /* NiceReactive.framework in Embed Frameworks */,
				997FFBD71EAF7DB200ABEA01 /* Cartography.framework in Embed Frameworks */,
				997FFBCF1EAF7DB200ABEA01 /* ReactiveCocoa.framework in Embed Frameworks */,
				9981EB381F0A41040044F9F5 /* NiceKit.framework in Embed Frameworks */,
				99EEDE3A1EAF855400662DED /* NiceData.framework in Embed Frameworks */,
				99169FE51ED5DF5E00BFB4F2 /* KeychainAccess.framework in Embed Frameworks */,
				99B610121EB05D570098F69C /* Hue.framework in Embed Frameworks */,
				994063C71EB7028A00E09165 /* SwiftDate.framework in Embed Frameworks */,
				99C9A4261EC988D600AFF489 /* SwiftCSV.framework in Embed Frameworks */,
				997FFBD11EAF7DB200ABEA01 /* ReactiveSwift.framework in Embed Frameworks */,
			);
			name = "Embed Frameworks";
			runOnlyForDeploymentPostprocessing = 0;
		};
/* End PBXCopyFilesBuildPhase section */

/* Begin PBXFileReference section */
		0465F2043DDDB30A3E16505C /* Pods-FocusPlan.debug.xcconfig */ = {isa = PBXFileReference; includeInIndex = 1; lastKnownFileType = text.xcconfig; name = "Pods-FocusPlan.debug.xcconfig"; path = "Pods/Target Support Files/Pods-FocusPlan/Pods-FocusPlan.debug.xcconfig"; sourceTree = "<group>"; };
		7F46BF0B2D66AB30F28190F6 /* Pods-FocusPlan.release.xcconfig */ = {isa = PBXFileReference; includeInIndex = 1; lastKnownFileType = text.xcconfig; name = "Pods-FocusPlan.release.xcconfig"; path = "Pods/Target Support Files/Pods-FocusPlan/Pods-FocusPlan.release.xcconfig"; sourceTree = "<group>"; };
		99078BF11EAF1CD000C3B789 /* FocusPlan.app */ = {isa = PBXFileReference; explicitFileType = wrapper.application; includeInIndex = 0; path = FocusPlan.app; sourceTree = BUILT_PRODUCTS_DIR; };
		99078BF41EAF1CD000C3B789 /* AppDelegate.swift */ = {isa = PBXFileReference; lastKnownFileType = sourcecode.swift; path = AppDelegate.swift; sourceTree = "<group>"; };
		99078BF91EAF1CD000C3B789 /* FocusPlan.xcdatamodel */ = {isa = PBXFileReference; lastKnownFileType = wrapper.xcdatamodel; path = FocusPlan.xcdatamodel; sourceTree = "<group>"; };
		99078BFB1EAF1CD000C3B789 /* Assets.xcassets */ = {isa = PBXFileReference; lastKnownFileType = folder.assetcatalog; path = Assets.xcassets; sourceTree = "<group>"; };
		99078C001EAF1CD000C3B789 /* Info.plist */ = {isa = PBXFileReference; lastKnownFileType = text.plist.xml; path = Info.plist; sourceTree = "<group>"; };
		990A18051EAF3C5A00DCE839 /* MainMenu.xib */ = {isa = PBXFileReference; fileEncoding = 4; lastKnownFileType = file.xib; path = MainMenu.xib; sourceTree = "<group>"; };
		990A18071EAF3D2300DCE839 /* ProjectsViewController.swift */ = {isa = PBXFileReference; fileEncoding = 4; lastKnownFileType = sourcecode.swift; path = ProjectsViewController.swift; sourceTree = "<group>"; };
		990A18081EAF3D2300DCE839 /* ProjectsViewController.xib */ = {isa = PBXFileReference; fileEncoding = 4; lastKnownFileType = file.xib; path = ProjectsViewController.xib; sourceTree = "<group>"; };
		990A180B1EAF3D9700DCE839 /* MainWindow.swift */ = {isa = PBXFileReference; fileEncoding = 4; lastKnownFileType = sourcecode.swift; path = MainWindow.swift; sourceTree = "<group>"; };
		99169FDE1ED5DDE200BFB4F2 /* Config.swift */ = {isa = PBXFileReference; fileEncoding = 4; lastKnownFileType = sourcecode.swift; path = Config.swift; sourceTree = "<group>"; };
		99169FE01ED5DEBE00BFB4F2 /* AppDelegate+TrialChecking.swift */ = {isa = PBXFileReference; fileEncoding = 4; lastKnownFileType = sourcecode.swift; path = "AppDelegate+TrialChecking.swift"; sourceTree = "<group>"; };
		99169FE21ED5DF5D00BFB4F2 /* KeychainAccess.framework */ = {isa = PBXFileReference; lastKnownFileType = wrapper.framework; name = KeychainAccess.framework; path = Carthage/Build/Mac/KeychainAccess.framework; sourceTree = "<group>"; };
		99169FE71ED5EBFF00BFB4F2 /* TrialButtonViewController.swift */ = {isa = PBXFileReference; fileEncoding = 4; lastKnownFileType = sourcecode.swift; path = TrialButtonViewController.swift; sourceTree = "<group>"; };
		99169FE81ED5EBFF00BFB4F2 /* TrialButtonViewController.xib */ = {isa = PBXFileReference; fileEncoding = 4; lastKnownFileType = file.xib; path = TrialButtonViewController.xib; sourceTree = "<group>"; };
		991AEBEB1F5D1D3F00A7ECE2 /* CalendarCollectionItemView+Drawing.swift */ = {isa = PBXFileReference; lastKnownFileType = sourcecode.swift; path = "CalendarCollectionItemView+Drawing.swift"; sourceTree = "<group>"; };
		991AEBED1F5D1DD000A7ECE2 /* CalendarCollectionItemView+Types.swift */ = {isa = PBXFileReference; lastKnownFileType = sourcecode.swift; path = "CalendarCollectionItemView+Types.swift"; sourceTree = "<group>"; };
		991AEBF11F5D209C00A7ECE2 /* CalendarCollectionItemStyle.swift */ = {isa = PBXFileReference; lastKnownFileType = sourcecode.swift; path = CalendarCollectionItemStyle.swift; sourceTree = "<group>"; };
		991E7AF91EB064FE0086A9D9 /* Project+Reactive.swift */ = {isa = PBXFileReference; fileEncoding = 4; lastKnownFileType = sourcecode.swift; path = "Project+Reactive.swift"; sourceTree = "<group>"; };
		991E7B1D1EB06A340086A9D9 /* NiceReactive.framework */ = {isa = PBXFileReference; lastKnownFileType = wrapper.framework; name = NiceReactive.framework; path = Carthage/Build/Mac/NiceReactive.framework; sourceTree = "<group>"; };
		991E7B211EB071C20086A9D9 /* TasksViewController.swift */ = {isa = PBXFileReference; fileEncoding = 4; lastKnownFileType = sourcecode.swift; path = TasksViewController.swift; sourceTree = "<group>"; };
		991E7B221EB071C20086A9D9 /* TasksViewController.xib */ = {isa = PBXFileReference; fileEncoding = 4; lastKnownFileType = file.xib; path = TasksViewController.xib; sourceTree = "<group>"; };
		991E7B281EB082C60086A9D9 /* TaskTitleTableCellView.swift */ = {isa = PBXFileReference; fileEncoding = 4; lastKnownFileType = sourcecode.swift; path = TaskTitleTableCellView.swift; sourceTree = "<group>"; };
		991E7B2A1EB082FE0086A9D9 /* Task+Reactive.swift */ = {isa = PBXFileReference; fileEncoding = 4; lastKnownFileType = sourcecode.swift; path = "Task+Reactive.swift"; sourceTree = "<group>"; };
		991E7B2C1EB085EF0086A9D9 /* TasksOutlineView.swift */ = {isa = PBXFileReference; fileEncoding = 4; lastKnownFileType = sourcecode.swift; path = TasksOutlineView.swift; sourceTree = "<group>"; };
		991E7B2F1EB0865F0086A9D9 /* NSOutlineView+Extensions.swift */ = {isa = PBXFileReference; fileEncoding = 4; lastKnownFileType = sourcecode.swift; path = "NSOutlineView+Extensions.swift"; sourceTree = "<group>"; };
		991E7B331EB093690086A9D9 /* TasksRowView.swift */ = {isa = PBXFileReference; fileEncoding = 4; lastKnownFileType = sourcecode.swift; path = TasksRowView.swift; sourceTree = "<group>"; };
		991E7B351EB0B9660086A9D9 /* TaskEstimateTableCellView.swift */ = {isa = PBXFileReference; fileEncoding = 4; lastKnownFileType = sourcecode.swift; path = TaskEstimateTableCellView.swift; sourceTree = "<group>"; };
		991E7B371EB0BEF00086A9D9 /* String+Extensions.swift */ = {isa = PBXFileReference; fileEncoding = 4; lastKnownFileType = sourcecode.swift; path = "String+Extensions.swift"; sourceTree = "<group>"; };
		991E7B3B1EB0E80A0086A9D9 /* EditableTableCellView.swift */ = {isa = PBXFileReference; fileEncoding = 4; lastKnownFileType = sourcecode.swift; path = EditableTableCellView.swift; sourceTree = "<group>"; };
		9922F1191EAF656000BFA01F /* Cartography.framework */ = {isa = PBXFileReference; lastKnownFileType = wrapper.framework; name = Cartography.framework; path = Carthage/Build/Mac/Cartography.framework; sourceTree = "<group>"; };
		9932F58C1F0A5A81002844F1 /* ProjectFieldTipsController.xib */ = {isa = PBXFileReference; fileEncoding = 4; lastKnownFileType = file.xib; path = ProjectFieldTipsController.xib; sourceTree = "<group>"; };
		9932F58D1F0A5A81002844F1 /* ProjectFieldTipsController.swift */ = {isa = PBXFileReference; fileEncoding = 4; lastKnownFileType = sourcecode.swift; path = ProjectFieldTipsController.swift; sourceTree = "<group>"; };
		9932F58E1F0A5A81002844F1 /* ProjectField.swift */ = {isa = PBXFileReference; fileEncoding = 4; lastKnownFileType = sourcecode.swift; path = ProjectField.swift; sourceTree = "<group>"; };
		9932F58F1F0A5A82002844F1 /* ProjectFieldTipCell.swift */ = {isa = PBXFileReference; fileEncoding = 4; lastKnownFileType = sourcecode.swift; path = ProjectFieldTipCell.swift; sourceTree = "<group>"; };
		9933E31D1EC047CE00774BD4 /* YellowView.swift */ = {isa = PBXFileReference; fileEncoding = 4; lastKnownFileType = sourcecode.swift; path = YellowView.swift; sourceTree = "<group>"; };
		9933E49B1EB9BC6200B1CE85 /* PomodoroType.swift */ = {isa = PBXFileReference; fileEncoding = 4; lastKnownFileType = sourcecode.swift; path = PomodoroType.swift; sourceTree = "<group>"; };
		9933E49D1EB9C84600B1CE85 /* CalendarCollectionItemView.swift */ = {isa = PBXFileReference; fileEncoding = 4; lastKnownFileType = sourcecode.swift; path = CalendarCollectionItemView.swift; sourceTree = "<group>"; };
		9933E49F1EBA13CF00B1CE85 /* CalendarSectionLine.swift */ = {isa = PBXFileReference; fileEncoding = 4; lastKnownFileType = sourcecode.swift; path = CalendarSectionLine.swift; sourceTree = "<group>"; };
		9933E4A11EBA176500B1CE85 /* CalendarSectionLabel.swift */ = {isa = PBXFileReference; fileEncoding = 4; lastKnownFileType = sourcecode.swift; path = CalendarSectionLabel.swift; sourceTree = "<group>"; };
		993550311EC99D33004B6D23 /* AlertHelper.swift */ = {isa = PBXFileReference; fileEncoding = 4; lastKnownFileType = sourcecode.swift; path = AlertHelper.swift; sourceTree = "<group>"; };
		994063C51EB7028500E09165 /* SwiftDate.framework */ = {isa = PBXFileReference; lastKnownFileType = wrapper.framework; name = SwiftDate.framework; path = Carthage/Build/Mac/SwiftDate.framework; sourceTree = "<group>"; };
		994063C81EB7035400E09165 /* Date+Extensions.swift */ = {isa = PBXFileReference; fileEncoding = 4; lastKnownFileType = sourcecode.swift; path = "Date+Extensions.swift"; sourceTree = "<group>"; };
		994063CA1EB70ECA00E09165 /* CalendarHourHeader.xib */ = {isa = PBXFileReference; fileEncoding = 4; lastKnownFileType = file.xib; path = CalendarHourHeader.xib; sourceTree = "<group>"; };
		994063CC1EB70F6400E09165 /* CalendarHourHeader.swift */ = {isa = PBXFileReference; fileEncoding = 4; lastKnownFileType = sourcecode.swift; path = CalendarHourHeader.swift; sourceTree = "<group>"; };
		994063CE1EB715DA00E09165 /* CalendarTimeLine.swift */ = {isa = PBXFileReference; fileEncoding = 4; lastKnownFileType = sourcecode.swift; path = CalendarTimeLine.swift; sourceTree = "<group>"; };
		994063D01EB72B2A00E09165 /* TaskProjectTableCellView.swift */ = {isa = PBXFileReference; fileEncoding = 4; lastKnownFileType = sourcecode.swift; path = TaskProjectTableCellView.swift; sourceTree = "<group>"; };
		994063D31EB75E5D00E09165 /* TimerFrameView.swift */ = {isa = PBXFileReference; fileEncoding = 4; lastKnownFileType = sourcecode.swift; path = TimerFrameView.swift; sourceTree = "<group>"; };
		994063D51EB761D000E09165 /* TimerViewController.swift */ = {isa = PBXFileReference; fileEncoding = 4; lastKnownFileType = sourcecode.swift; path = TimerViewController.swift; sourceTree = "<group>"; };
		994208341EC2EE4800CB4D4E /* PlanViewController+Types.swift */ = {isa = PBXFileReference; fileEncoding = 4; lastKnownFileType = sourcecode.swift; path = "PlanViewController+Types.swift"; sourceTree = "<group>"; };
		994208371EC2FF5600CB4D4E /* MenubarController.swift */ = {isa = PBXFileReference; fileEncoding = 4; lastKnownFileType = sourcecode.swift; path = MenubarController.swift; sourceTree = "<group>"; };
		9946F6271F5E7E41009F914D /* CalendarHeaderView.swift */ = {isa = PBXFileReference; lastKnownFileType = sourcecode.swift; path = CalendarHeaderView.swift; sourceTree = "<group>"; };
		9946F6291F5E7EDB009F914D /* HeaderLabel.swift */ = {isa = PBXFileReference; lastKnownFileType = sourcecode.swift; path = HeaderLabel.swift; sourceTree = "<group>"; };
		994999E71ED861D7008044C6 /* FocusPlan 2.xcdatamodel */ = {isa = PBXFileReference; lastKnownFileType = wrapper.xcdatamodel; path = "FocusPlan 2.xcdatamodel"; sourceTree = "<group>"; };
		994F0A201EC5750B00562B7A /* ProjectsViewController+Types.swift */ = {isa = PBXFileReference; fileEncoding = 4; lastKnownFileType = sourcecode.swift; path = "ProjectsViewController+Types.swift"; sourceTree = "<group>"; };
		994F0A231EC588DE00562B7A /* PreferencesController.swift */ = {isa = PBXFileReference; fileEncoding = 4; lastKnownFileType = sourcecode.swift; path = PreferencesController.swift; sourceTree = "<group>"; };
		994F0A241EC588DE00562B7A /* PreferencesController.xib */ = {isa = PBXFileReference; fileEncoding = 4; lastKnownFileType = file.xib; path = PreferencesController.xib; sourceTree = "<group>"; };
		994F0A2B1EC5957200562B7A /* UserDefaults+Extensions.swift */ = {isa = PBXFileReference; fileEncoding = 4; lastKnownFileType = sourcecode.swift; path = "UserDefaults+Extensions.swift"; sourceTree = "<group>"; };
		997BAE141F0290D70072681B /* NiceSplitView.swift */ = {isa = PBXFileReference; lastKnownFileType = sourcecode.swift; path = NiceSplitView.swift; sourceTree = "<group>"; };
		997F5D551F0BA7F800F0EBC1 /* CalendarResizeHandleView.swift */ = {isa = PBXFileReference; lastKnownFileType = sourcecode.swift; path = CalendarResizeHandleView.swift; sourceTree = "<group>"; };
		997F5D571F0BFED800F0EBC1 /* CalendarTimerView.swift */ = {isa = PBXFileReference; lastKnownFileType = sourcecode.swift; path = CalendarTimerView.swift; sourceTree = "<group>"; };
		997FFBC61EAF7DA900ABEA01 /* ReactiveCocoa.framework */ = {isa = PBXFileReference; lastKnownFileType = wrapper.framework; name = ReactiveCocoa.framework; path = Carthage/Build/Mac/ReactiveCocoa.framework; sourceTree = "<group>"; };
		997FFBC71EAF7DA900ABEA01 /* ReactiveSwift.framework */ = {isa = PBXFileReference; lastKnownFileType = wrapper.framework; name = ReactiveSwift.framework; path = Carthage/Build/Mac/ReactiveSwift.framework; sourceTree = "<group>"; };
		997FFBC81EAF7DA900ABEA01 /* Result.framework */ = {isa = PBXFileReference; lastKnownFileType = wrapper.framework; name = Result.framework; path = Carthage/Build/Mac/Result.framework; sourceTree = "<group>"; };
		9981560C1EB76ECB0057ECD0 /* TimerEntry+Reactive.swift */ = {isa = PBXFileReference; fileEncoding = 4; lastKnownFileType = sourcecode.swift; path = "TimerEntry+Reactive.swift"; sourceTree = "<group>"; };
		9981560F1EB7761F0057ECD0 /* TimerState.swift */ = {isa = PBXFileReference; fileEncoding = 4; lastKnownFileType = sourcecode.swift; path = TimerState.swift; sourceTree = "<group>"; };
		998156121EB778020057ECD0 /* NSButton+Reactive.swift */ = {isa = PBXFileReference; fileEncoding = 4; lastKnownFileType = sourcecode.swift; path = "NSButton+Reactive.swift"; sourceTree = "<group>"; };
		998156161EB77DAE0057ECD0 /* ProjectColorView.swift */ = {isa = PBXFileReference; fileEncoding = 4; lastKnownFileType = sourcecode.swift; path = ProjectColorView.swift; sourceTree = "<group>"; };
		998352D41EC4597300303E7D /* ClickableLabel.swift */ = {isa = PBXFileReference; fileEncoding = 4; lastKnownFileType = sourcecode.swift; path = ClickableLabel.swift; sourceTree = "<group>"; };
		998352DF1EC4A28200303E7D /* CustomTableRowView.swift */ = {isa = PBXFileReference; fileEncoding = 4; lastKnownFileType = sourcecode.swift; path = CustomTableRowView.swift; sourceTree = "<group>"; };
		998352E11EC4BAEF00303E7D /* TaskPlanTableCellView.swift */ = {isa = PBXFileReference; fileEncoding = 4; lastKnownFileType = sourcecode.swift; path = TaskPlanTableCellView.swift; sourceTree = "<group>"; };
		998352E31EC4C12000303E7D /* TaskPlanWrapperView.swift */ = {isa = PBXFileReference; fileEncoding = 4; lastKnownFileType = sourcecode.swift; path = TaskPlanWrapperView.swift; sourceTree = "<group>"; };
		9983F9071EC0B5B0005E624A /* EditTimerEntryController.swift */ = {isa = PBXFileReference; fileEncoding = 4; lastKnownFileType = sourcecode.swift; path = EditTimerEntryController.swift; sourceTree = "<group>"; };
		9983F9081EC0B5B0005E624A /* EditTimerEntryController.xib */ = {isa = PBXFileReference; fileEncoding = 4; lastKnownFileType = file.xib; path = EditTimerEntryController.xib; sourceTree = "<group>"; };
		998746C91EB360320079215B /* BacklogViewController.swift */ = {isa = PBXFileReference; fileEncoding = 4; lastKnownFileType = sourcecode.swift; path = BacklogViewController.swift; sourceTree = "<group>"; };
		998938FC1F63AD0C003E0CD5 /* NiceUI.xcodeproj */ = {isa = PBXFileReference; lastKnownFileType = "wrapper.pb-project"; name = NiceUI.xcodeproj; path = ../NiceUI/NiceUI.xcodeproj; sourceTree = "<group>"; };
		998939061F63AFE8003E0CD5 /* ProjectColorPicker.swift */ = {isa = PBXFileReference; lastKnownFileType = sourcecode.swift; path = ProjectColorPicker.swift; sourceTree = "<group>"; };
		998A0C3B1EC05712006CC99E /* CalendarCollectionView.swift */ = {isa = PBXFileReference; fileEncoding = 4; lastKnownFileType = sourcecode.swift; path = CalendarCollectionView.swift; sourceTree = "<group>"; };
		998AC3671EC61B0A00559CB6 /* ReadOmnifocus.scpt */ = {isa = PBXFileReference; lastKnownFileType = file; path = ReadOmnifocus.scpt; sourceTree = "<group>"; };
		998AC3691EC61D7200559CB6 /* ScriptingManager.swift */ = {isa = PBXFileReference; fileEncoding = 4; lastKnownFileType = sourcecode.swift; path = ScriptingManager.swift; sourceTree = "<group>"; };
		998AC36B1EC628F300559CB6 /* json.scpt */ = {isa = PBXFileReference; lastKnownFileType = file; path = json.scpt; sourceTree = "<group>"; };
		999576171F04F4FA00DBED9B /* NiceClickGestureRecognizer.swift */ = {isa = PBXFileReference; lastKnownFileType = sourcecode.swift; path = NiceClickGestureRecognizer.swift; sourceTree = "<group>"; };
		9995761F1F04FF3000DBED9B /* check_fixed.json */ = {isa = PBXFileReference; lastKnownFileType = text.json; path = check_fixed.json; sourceTree = "<group>"; };
		999890BC1EC5E2F600CAD209 /* Project+Extensions.swift */ = {isa = PBXFileReference; fileEncoding = 4; lastKnownFileType = sourcecode.swift; path = "Project+Extensions.swift"; sourceTree = "<group>"; };
		999E65081EB361B20001AAB7 /* BacklogViewController.xib */ = {isa = PBXFileReference; fileEncoding = 4; lastKnownFileType = file.xib; path = BacklogViewController.xib; sourceTree = "<group>"; };
		999E650B1EB362780001AAB7 /* PlanViewController.swift */ = {isa = PBXFileReference; fileEncoding = 4; lastKnownFileType = sourcecode.swift; path = PlanViewController.swift; sourceTree = "<group>"; };
		999E650C1EB362780001AAB7 /* PlanViewController.xib */ = {isa = PBXFileReference; fileEncoding = 4; lastKnownFileType = file.xib; path = PlanViewController.xib; sourceTree = "<group>"; };
		99A24EA61EB3591300C3F229 /* Palette.swift */ = {isa = PBXFileReference; fileEncoding = 4; lastKnownFileType = sourcecode.swift; path = Palette.swift; sourceTree = "<group>"; };
		99A79AFB1F6111800008BDA8 /* Testing.xib */ = {isa = PBXFileReference; lastKnownFileType = file.xib; path = Testing.xib; sourceTree = "<group>"; };
		99B026D31EBC675F00533FE3 /* CalendarEventsCollection.swift */ = {isa = PBXFileReference; fileEncoding = 4; lastKnownFileType = sourcecode.swift; path = CalendarEventsCollection.swift; sourceTree = "<group>"; };
		99B026D51EBC7E9300533FE3 /* Sequence+Extensions.swift */ = {isa = PBXFileReference; fileEncoding = 4; lastKnownFileType = sourcecode.swift; path = "Sequence+Extensions.swift"; sourceTree = "<group>"; };
		99B026D81EBC941100533FE3 /* EditTaskViewController.swift */ = {isa = PBXFileReference; fileEncoding = 4; lastKnownFileType = sourcecode.swift; path = EditTaskViewController.swift; sourceTree = "<group>"; };
		99B026D91EBC941100533FE3 /* EditTaskViewController.xib */ = {isa = PBXFileReference; fileEncoding = 4; lastKnownFileType = file.xib; path = EditTaskViewController.xib; sourceTree = "<group>"; };
		99B026DC1EBCA13200533FE3 /* SelectingTextField.swift */ = {isa = PBXFileReference; fileEncoding = 4; lastKnownFileType = sourcecode.swift; path = SelectingTextField.swift; sourceTree = "<group>"; };
		99B026E01EBCBA4D00533FE3 /* BackgroundView.swift */ = {isa = PBXFileReference; fileEncoding = 4; lastKnownFileType = sourcecode.swift; path = BackgroundView.swift; sourceTree = "<group>"; };
		99B6100F1EB05D550098F69C /* Hue.framework */ = {isa = PBXFileReference; lastKnownFileType = wrapper.framework; name = Hue.framework; path = Carthage/Build/Mac/Hue.framework; sourceTree = "<group>"; };
		99B610151EB0602A0098F69C /* ProjectTableCellView.swift */ = {isa = PBXFileReference; fileEncoding = 4; lastKnownFileType = sourcecode.swift; path = ProjectTableCellView.swift; sourceTree = "<group>"; };
		99BBB0231EB8BFB5002C603F /* TimerLane.swift */ = {isa = PBXFileReference; fileEncoding = 4; lastKnownFileType = sourcecode.swift; path = TimerLane.swift; sourceTree = "<group>"; };
		99BBB0261EB8C270002C603F /* Formatting.swift */ = {isa = PBXFileReference; fileEncoding = 4; lastKnownFileType = sourcecode.swift; path = Formatting.swift; sourceTree = "<group>"; };
		99C26C261F5FC5DC00D649A9 /* DayHeaderView.swift */ = {isa = PBXFileReference; lastKnownFileType = sourcecode.swift; path = DayHeaderView.swift; sourceTree = "<group>"; };
		99C26C281F5FC62D00D649A9 /* BorderView.swift */ = {isa = PBXFileReference; lastKnownFileType = sourcecode.swift; path = BorderView.swift; sourceTree = "<group>"; };
		99C9A4231EC988D200AFF489 /* SwiftCSV.framework */ = {isa = PBXFileReference; lastKnownFileType = wrapper.framework; name = SwiftCSV.framework; path = Carthage/Build/Mac/SwiftCSV.framework; sourceTree = "<group>"; };
		99D122EA1EB86D6C00D495DC /* CalendarEvent.swift */ = {isa = PBXFileReference; fileEncoding = 4; lastKnownFileType = sourcecode.swift; path = CalendarEvent.swift; sourceTree = "<group>"; };
		99D122EC1EB8729A00D495DC /* TimerEntry+Extensions.swift */ = {isa = PBXFileReference; fileEncoding = 4; lastKnownFileType = sourcecode.swift; path = "TimerEntry+Extensions.swift"; sourceTree = "<group>"; };
		99D122EE1EB8A6C500D495DC /* MainWindowDelegate.swift */ = {isa = PBXFileReference; fileEncoding = 4; lastKnownFileType = sourcecode.swift; path = MainWindowDelegate.swift; sourceTree = "<group>"; };
		99D122F01EB8A9D600D495DC /* TasksObserver.swift */ = {isa = PBXFileReference; fileEncoding = 4; lastKnownFileType = sourcecode.swift; path = TasksObserver.swift; sourceTree = "<group>"; };
		99D7ED771F02945800E1512C /* SecondaryBackgroundView.swift */ = {isa = PBXFileReference; lastKnownFileType = sourcecode.swift; path = SecondaryBackgroundView.swift; sourceTree = "<group>"; };
		99D7ED791F029A2D00E1512C /* TasksHeaderTableCellView.swift */ = {isa = PBXFileReference; lastKnownFileType = sourcecode.swift; path = TasksHeaderTableCellView.swift; sourceTree = "<group>"; };
		99D7ED7B1F02A1BB00E1512C /* ProjectsActionHeaderCell.swift */ = {isa = PBXFileReference; lastKnownFileType = sourcecode.swift; path = ProjectsActionHeaderCell.swift; sourceTree = "<group>"; };
		99D7ED7D1F03D80C00E1512C /* ProjectsTableRowView.swift */ = {isa = PBXFileReference; lastKnownFileType = sourcecode.swift; path = ProjectsTableRowView.swift; sourceTree = "<group>"; };
		99D8C80B1EB3A16D00EA5001 /* NSManagedObjectModel+Extensions.swift */ = {isa = PBXFileReference; fileEncoding = 4; lastKnownFileType = sourcecode.swift; path = "NSManagedObjectModel+Extensions.swift"; sourceTree = "<group>"; };
		99D8C80E1EB3B51800EA5001 /* CalendarViewController.swift */ = {isa = PBXFileReference; fileEncoding = 4; lastKnownFileType = sourcecode.swift; path = CalendarViewController.swift; sourceTree = "<group>"; };
		99D8C80F1EB3B51800EA5001 /* CalendarViewController.xib */ = {isa = PBXFileReference; fileEncoding = 4; lastKnownFileType = file.xib; path = CalendarViewController.xib; sourceTree = "<group>"; };
		99D8C8121EB3B6B600EA5001 /* CalendarCollectionItem.swift */ = {isa = PBXFileReference; fileEncoding = 4; lastKnownFileType = sourcecode.swift; path = CalendarCollectionItem.swift; sourceTree = "<group>"; };
		99D8C8131EB3B6B600EA5001 /* CalendarCollectionItem.xib */ = {isa = PBXFileReference; fileEncoding = 4; lastKnownFileType = file.xib; path = CalendarCollectionItem.xib; sourceTree = "<group>"; };
		99D8C8161EB3B81900EA5001 /* CalendarCollectionLayout.swift */ = {isa = PBXFileReference; fileEncoding = 4; lastKnownFileType = sourcecode.swift; path = CalendarCollectionLayout.swift; sourceTree = "<group>"; };
		99D972231F04023500A18BC4 /* FocusPlanUITests.xctest */ = {isa = PBXFileReference; explicitFileType = wrapper.cfbundle; includeInIndex = 0; path = FocusPlanUITests.xctest; sourceTree = BUILT_PRODUCTS_DIR; };
		99D972251F04023500A18BC4 /* FocusPlanUITests.swift */ = {isa = PBXFileReference; lastKnownFileType = sourcecode.swift; path = FocusPlanUITests.swift; sourceTree = "<group>"; };
		99D972271F04023500A18BC4 /* Info.plist */ = {isa = PBXFileReference; lastKnownFileType = text.plist.xml; path = Info.plist; sourceTree = "<group>"; };
		99DA93581EC317B500817AF5 /* chime_reveal.aif */ = {isa = PBXFileReference; lastKnownFileType = file; path = chime_reveal.aif; sourceTree = "<group>"; };
		99DA935B1EC32E5900817AF5 /* SummaryRowViewController.swift */ = {isa = PBXFileReference; fileEncoding = 4; lastKnownFileType = sourcecode.swift; path = SummaryRowViewController.swift; sourceTree = "<group>"; };
		99DA935C1EC32E5900817AF5 /* SummaryRowViewController.xib */ = {isa = PBXFileReference; fileEncoding = 4; lastKnownFileType = file.xib; path = SummaryRowViewController.xib; sourceTree = "<group>"; };
		99DA935F1EC32FE700817AF5 /* SummaryRowItem.xib */ = {isa = PBXFileReference; fileEncoding = 4; lastKnownFileType = file.xib; path = SummaryRowItem.xib; sourceTree = "<group>"; };
		99DA93611EC349CC00817AF5 /* SummaryRowItem.swift */ = {isa = PBXFileReference; fileEncoding = 4; lastKnownFileType = sourcecode.swift; path = SummaryRowItem.swift; sourceTree = "<group>"; };
		99E6CD851EB6FEA0002A7966 /* Task+Extensions.swift */ = {isa = PBXFileReference; fileEncoding = 4; lastKnownFileType = sourcecode.swift; path = "Task+Extensions.swift"; sourceTree = "<group>"; };
		99EEDE371EAF854200662DED /* NiceData.framework */ = {isa = PBXFileReference; lastKnownFileType = wrapper.framework; name = NiceData.framework; path = Carthage/Build/Mac/NiceData.framework; sourceTree = "<group>"; };
		99EEDE591EAF866A00662DED /* FocusPlan.entitlements */ = {isa = PBXFileReference; lastKnownFileType = text.plist.entitlements; path = FocusPlan.entitlements; sourceTree = "<group>"; };
		99EEDE5C1EAF931500662DED /* ProjectsOutlineView.swift */ = {isa = PBXFileReference; fileEncoding = 4; lastKnownFileType = sourcecode.swift; path = ProjectsOutlineView.swift; sourceTree = "<group>"; };
		99EF84AD1F06362300B24058 /* NiceKit.xcodeproj */ = {isa = PBXFileReference; lastKnownFileType = "wrapper.pb-project"; name = NiceKit.xcodeproj; path = ../NiceKit/NiceKit.xcodeproj; sourceTree = "<group>"; };
		99FE0A8E1F0623F5008C69A5 /* Stylesheet.swift */ = {isa = PBXFileReference; lastKnownFileType = sourcecode.swift; path = Stylesheet.swift; sourceTree = "<group>"; };
		FE19EC429800EA42F114C446 /* Pods_FocusPlan.framework */ = {isa = PBXFileReference; explicitFileType = wrapper.framework; includeInIndex = 0; path = Pods_FocusPlan.framework; sourceTree = BUILT_PRODUCTS_DIR; };
/* End PBXFileReference section */

/* Begin PBXFrameworksBuildPhase section */
		99078BEE1EAF1CD000C3B789 /* Frameworks */ = {
			isa = PBXFrameworksBuildPhase;
			buildActionMask = 2147483647;
			files = (
				997FFBD21EAF7DB200ABEA01 /* Result.framework in Frameworks */,
				991E7B1E1EB06A340086A9D9 /* NiceReactive.framework in Frameworks */,
				99169FE41ED5DF5E00BFB4F2 /* KeychainAccess.framework in Frameworks */,
				99B610101EB05D550098F69C /* Hue.framework in Frameworks */,
				9981EB371F0A41040044F9F5 /* NiceKit.framework in Frameworks */,
				99C9A4251EC988D600AFF489 /* SwiftCSV.framework in Frameworks */,
				994063C61EB7028500E09165 /* SwiftDate.framework in Frameworks */,
				997FFBD61EAF7DB200ABEA01 /* Cartography.framework in Frameworks */,
				997FFBCE1EAF7DB200ABEA01 /* ReactiveCocoa.framework in Frameworks */,
				99C9A4241EC988D200AFF489 /* SwiftCSV.framework in Frameworks */,
				99169FE31ED5DF5D00BFB4F2 /* KeychainAccess.framework in Frameworks */,
				997FFBD01EAF7DB200ABEA01 /* ReactiveSwift.framework in Frameworks */,
				99EEDE391EAF855400662DED /* NiceData.framework in Frameworks */,
				998939021F63AD1A003E0CD5 /* NiceUI.framework in Frameworks */,
				728EC0C6A600767FB2C10561 /* Pods_FocusPlan.framework in Frameworks */,
			);
			runOnlyForDeploymentPostprocessing = 0;
		};
		99D972201F04023500A18BC4 /* Frameworks */ = {
			isa = PBXFrameworksBuildPhase;
			buildActionMask = 2147483647;
			files = (
			);
			runOnlyForDeploymentPostprocessing = 0;
		};
/* End PBXFrameworksBuildPhase section */

/* Begin PBXGroup section */
		99078BE81EAF1CD000C3B789 = {
			isa = PBXGroup;
			children = (
				99078BF31EAF1CD000C3B789 /* FocusPlan */,
				99D972241F04023500A18BC4 /* FocusPlanUITests */,
				99078BF21EAF1CD000C3B789 /* Products */,
				99EF84AC1F06361800B24058 /* Linked Projects */,
				9922F1181EAF654800BFA01F /* Frameworks */,
				A31B13E7F81C6EC670404828 /* Pods */,
			);
			sourceTree = "<group>";
		};
		99078BF21EAF1CD000C3B789 /* Products */ = {
			isa = PBXGroup;
			children = (
				99078BF11EAF1CD000C3B789 /* FocusPlan.app */,
				99D972231F04023500A18BC4 /* FocusPlanUITests.xctest */,
			);
			name = Products;
			sourceTree = "<group>";
		};
		99078BF31EAF1CD000C3B789 /* FocusPlan */ = {
			isa = PBXGroup;
			children = (
				997BAE131F0290C60072681B /* NiceKit Views */,
				998AC3661EC61B0000559CB6 /* Scripts */,
				99DA93581EC317B500817AF5 /* chime_reveal.aif */,
				99BBB0251EB8C269002C603F /* Helpers */,
				998156151EB77DA40057ECD0 /* Component Views */,
				991E7B3A1EB0E7FB0086A9D9 /* Shared Views */,
				99EEDE591EAF866A00662DED /* FocusPlan.entitlements */,
				99078BF41EAF1CD000C3B789 /* AppDelegate.swift */,
				99169FE01ED5DEBE00BFB4F2 /* AppDelegate+TrialChecking.swift */,
				990A18051EAF3C5A00DCE839 /* MainMenu.xib */,
				990A180B1EAF3D9700DCE839 /* MainWindow.swift */,
				99D122EE1EB8A6C500D495DC /* MainWindowDelegate.swift */,
				99A24EA61EB3591300C3F229 /* Palette.swift */,
				99FE0A8E1F0623F5008C69A5 /* Stylesheet.swift */,
				994F0A2B1EC5957200562B7A /* UserDefaults+Extensions.swift */,
				998AC3691EC61D7200559CB6 /* ScriptingManager.swift */,
				993550311EC99D33004B6D23 /* AlertHelper.swift */,
				99BBB0291EB8C50F002C603F /* Extensions */,
				99BBB0281EB8C505002C603F /* User Interface */,
				9981560E1EB776150057ECD0 /* Logic */,
				997FFBC31EAF699A00ABEA01 /* Models */,
				99078BFB1EAF1CD000C3B789 /* Assets.xcassets */,
				9995761F1F04FF3000DBED9B /* check_fixed.json */,
				99078C001EAF1CD000C3B789 /* Info.plist */,
				99169FDE1ED5DDE200BFB4F2 /* Config.swift */,
			);
			path = FocusPlan;
			sourceTree = "<group>";
		};
		99169FE61ED5EBED00BFB4F2 /* TrialButton */ = {
			isa = PBXGroup;
			children = (
				99169FE71ED5EBFF00BFB4F2 /* TrialButtonViewController.swift */,
				99169FE81ED5EBFF00BFB4F2 /* TrialButtonViewController.xib */,
			);
			name = TrialButton;
			sourceTree = "<group>";
		};
		991E7B201EB071AB0086A9D9 /* Projects */ = {
			isa = PBXGroup;
			children = (
				990A18071EAF3D2300DCE839 /* ProjectsViewController.swift */,
				994F0A201EC5750B00562B7A /* ProjectsViewController+Types.swift */,
				990A18081EAF3D2300DCE839 /* ProjectsViewController.xib */,
				99EEDE5C1EAF931500662DED /* ProjectsOutlineView.swift */,
				99B610151EB0602A0098F69C /* ProjectTableCellView.swift */,
				99D7ED7B1F02A1BB00E1512C /* ProjectsActionHeaderCell.swift */,
				99D7ED7D1F03D80C00E1512C /* ProjectsTableRowView.swift */,
			);
			name = Projects;
			sourceTree = "<group>";
		};
		991E7B251EB075430086A9D9 /* Tasks */ = {
			isa = PBXGroup;
			children = (
				991E7B211EB071C20086A9D9 /* TasksViewController.swift */,
				991E7B221EB071C20086A9D9 /* TasksViewController.xib */,
				991E7B2C1EB085EF0086A9D9 /* TasksOutlineView.swift */,
				991E7B331EB093690086A9D9 /* TasksRowView.swift */,
				99D7ED791F029A2D00E1512C /* TasksHeaderTableCellView.swift */,
				991E7B281EB082C60086A9D9 /* TaskTitleTableCellView.swift */,
				991E7B351EB0B9660086A9D9 /* TaskEstimateTableCellView.swift */,
				994063D01EB72B2A00E09165 /* TaskProjectTableCellView.swift */,
				998352E11EC4BAEF00303E7D /* TaskPlanTableCellView.swift */,
				998352E31EC4C12000303E7D /* TaskPlanWrapperView.swift */,
			);
			name = Tasks;
			sourceTree = "<group>";
		};
		991E7B2E1EB086520086A9D9 /* AppKit+Extensions */ = {
			isa = PBXGroup;
			children = (
				991E7B2F1EB0865F0086A9D9 /* NSOutlineView+Extensions.swift */,
				99B026DC1EBCA13200533FE3 /* SelectingTextField.swift */,
			);
			name = "AppKit+Extensions";
			sourceTree = "<group>";
		};
		991E7B391EB0BEF40086A9D9 /* Swift+Extensions */ = {
			isa = PBXGroup;
			children = (
				991E7B371EB0BEF00086A9D9 /* String+Extensions.swift */,
				994063C81EB7035400E09165 /* Date+Extensions.swift */,
				99B026D51EBC7E9300533FE3 /* Sequence+Extensions.swift */,
			);
			name = "Swift+Extensions";
			sourceTree = "<group>";
		};
		991E7B3A1EB0E7FB0086A9D9 /* Shared Views */ = {
			isa = PBXGroup;
			children = (
				991E7B3B1EB0E80A0086A9D9 /* EditableTableCellView.swift */,
				99B026E01EBCBA4D00533FE3 /* BackgroundView.swift */,
				99D7ED771F02945800E1512C /* SecondaryBackgroundView.swift */,
				9933E31D1EC047CE00774BD4 /* YellowView.swift */,
				998352D41EC4597300303E7D /* ClickableLabel.swift */,
				998352DF1EC4A28200303E7D /* CustomTableRowView.swift */,
				9946F6291F5E7EDB009F914D /* HeaderLabel.swift */,
				99C26C281F5FC62D00D649A9 /* BorderView.swift */,
			);
			name = "Shared Views";
			sourceTree = "<group>";
		};
		9922F1181EAF654800BFA01F /* Frameworks */ = {
			isa = PBXGroup;
			children = (
				99169FE21ED5DF5D00BFB4F2 /* KeychainAccess.framework */,
				99C9A4231EC988D200AFF489 /* SwiftCSV.framework */,
				994063C51EB7028500E09165 /* SwiftDate.framework */,
				991E7B1D1EB06A340086A9D9 /* NiceReactive.framework */,
				99B6100F1EB05D550098F69C /* Hue.framework */,
				99EEDE371EAF854200662DED /* NiceData.framework */,
				997FFBC61EAF7DA900ABEA01 /* ReactiveCocoa.framework */,
				997FFBC71EAF7DA900ABEA01 /* ReactiveSwift.framework */,
				997FFBC81EAF7DA900ABEA01 /* Result.framework */,
				9922F1191EAF656000BFA01F /* Cartography.framework */,
				FE19EC429800EA42F114C446 /* Pods_FocusPlan.framework */,
			);
			name = Frameworks;
			sourceTree = "<group>";
		};
		9932F58B1F0A5A72002844F1 /* ProjectField */ = {
			isa = PBXGroup;
			children = (
				9932F58E1F0A5A81002844F1 /* ProjectField.swift */,
				9932F58D1F0A5A81002844F1 /* ProjectFieldTipsController.swift */,
				9932F58C1F0A5A81002844F1 /* ProjectFieldTipsController.xib */,
				9932F58F1F0A5A82002844F1 /* ProjectFieldTipCell.swift */,
			);
			name = ProjectField;
			sourceTree = "<group>";
		};
		994063D21EB75E4A00E09165 /* Timer */ = {
			isa = PBXGroup;
			children = (
				994063D51EB761D000E09165 /* TimerViewController.swift */,
				994063D31EB75E5D00E09165 /* TimerFrameView.swift */,
			);
			name = Timer;
			sourceTree = "<group>";
		};
		994208361EC2FF4800CB4D4E /* Menubar */ = {
			isa = PBXGroup;
			children = (
				994208371EC2FF5600CB4D4E /* MenubarController.swift */,
			);
			name = Menubar;
			sourceTree = "<group>";
		};
		994F0A221EC588C900562B7A /* Preferences */ = {
			isa = PBXGroup;
			children = (
				994F0A231EC588DE00562B7A /* PreferencesController.swift */,
				994F0A241EC588DE00562B7A /* PreferencesController.xib */,
			);
			name = Preferences;
			sourceTree = "<group>";
		};
		997BAE131F0290C60072681B /* NiceKit Views */ = {
			isa = PBXGroup;
			children = (
				997BAE141F0290D70072681B /* NiceSplitView.swift */,
				999576171F04F4FA00DBED9B /* NiceClickGestureRecognizer.swift */,
			);
			path = "NiceKit Views";
			sourceTree = "<group>";
		};
		997FFBC31EAF699A00ABEA01 /* Models */ = {
			isa = PBXGroup;
			children = (
				99078BF81EAF1CD000C3B789 /* FocusPlan.xcdatamodeld */,
				991E7AF91EB064FE0086A9D9 /* Project+Reactive.swift */,
				999890BC1EC5E2F600CAD209 /* Project+Extensions.swift */,
				991E7B2A1EB082FE0086A9D9 /* Task+Reactive.swift */,
				99E6CD851EB6FEA0002A7966 /* Task+Extensions.swift */,
				99D122EC1EB8729A00D495DC /* TimerEntry+Extensions.swift */,
				9981560C1EB76ECB0057ECD0 /* TimerEntry+Reactive.swift */,
				99D8C80B1EB3A16D00EA5001 /* NSManagedObjectModel+Extensions.swift */,
				99D122F01EB8A9D600D495DC /* TasksObserver.swift */,
				99D122EA1EB86D6C00D495DC /* CalendarEvent.swift */,
				99B026D31EBC675F00533FE3 /* CalendarEventsCollection.swift */,
			);
			name = Models;
			sourceTree = "<group>";
		};
		9981560E1EB776150057ECD0 /* Logic */ = {
			isa = PBXGroup;
			children = (
				9981560F1EB7761F0057ECD0 /* TimerState.swift */,
				99BBB0231EB8BFB5002C603F /* TimerLane.swift */,
				9933E49B1EB9BC6200B1CE85 /* PomodoroType.swift */,
			);
			name = Logic;
			sourceTree = "<group>";
		};
		998156111EB777F50057ECD0 /* Reactive+Additions */ = {
			isa = PBXGroup;
			children = (
				998156121EB778020057ECD0 /* NSButton+Reactive.swift */,
			);
			name = "Reactive+Additions";
			sourceTree = "<group>";
		};
		998156151EB77DA40057ECD0 /* Component Views */ = {
			isa = PBXGroup;
			children = (
				998156161EB77DAE0057ECD0 /* ProjectColorView.swift */,
			);
			name = "Component Views";
			sourceTree = "<group>";
		};
		9983F9061EC0B503005E624A /* Edit Timer Entry */ = {
			isa = PBXGroup;
			children = (
				9983F9071EC0B5B0005E624A /* EditTimerEntryController.swift */,
				9983F9081EC0B5B0005E624A /* EditTimerEntryController.xib */,
			);
			name = "Edit Timer Entry";
			sourceTree = "<group>";
		};
		998746C81EB360080079215B /* Backlog */ = {
			isa = PBXGroup;
			children = (
				998746C91EB360320079215B /* BacklogViewController.swift */,
				999E65081EB361B20001AAB7 /* BacklogViewController.xib */,
				998939061F63AFE8003E0CD5 /* ProjectColorPicker.swift */,
			);
			name = Backlog;
			sourceTree = "<group>";
		};
		998938FD1F63AD0C003E0CD5 /* Products */ = {
			isa = PBXGroup;
			children = (
				998939011F63AD0C003E0CD5 /* NiceUI.framework */,
			);
			name = Products;
			sourceTree = "<group>";
		};
		998AC3661EC61B0000559CB6 /* Scripts */ = {
			isa = PBXGroup;
			children = (
				998AC36B1EC628F300559CB6 /* json.scpt */,
				998AC3671EC61B0A00559CB6 /* ReadOmnifocus.scpt */,
			);
			name = Scripts;
			sourceTree = "<group>";
		};
		999E650A1EB362570001AAB7 /* Plan */ = {
			isa = PBXGroup;
			children = (
				999E650B1EB362780001AAB7 /* PlanViewController.swift */,
				994208341EC2EE4800CB4D4E /* PlanViewController+Types.swift */,
				999E650C1EB362780001AAB7 /* PlanViewController.xib */,
			);
			name = Plan;
			sourceTree = "<group>";
		};
		99B026D71EBC940100533FE3 /* Edit Task */ = {
			isa = PBXGroup;
			children = (
				99B026D81EBC941100533FE3 /* EditTaskViewController.swift */,
				99B026D91EBC941100533FE3 /* EditTaskViewController.xib */,
			);
			name = "Edit Task";
			sourceTree = "<group>";
		};
		99BBB0251EB8C269002C603F /* Helpers */ = {
			isa = PBXGroup;
			children = (
				99BBB0261EB8C270002C603F /* Formatting.swift */,
			);
			name = Helpers;
			sourceTree = "<group>";
		};
		99BBB0281EB8C505002C603F /* User Interface */ = {
			isa = PBXGroup;
			children = (
				9932F58B1F0A5A72002844F1 /* ProjectField */,
				99169FE61ED5EBED00BFB4F2 /* TrialButton */,
				994F0A221EC588C900562B7A /* Preferences */,
				994208361EC2FF4800CB4D4E /* Menubar */,
				991E7B201EB071AB0086A9D9 /* Projects */,
				999E650A1EB362570001AAB7 /* Plan */,
				99D8C80D1EB3B50000EA5001 /* Calendar */,
				998746C81EB360080079215B /* Backlog */,
				991E7B251EB075430086A9D9 /* Tasks */,
				99B026D71EBC940100533FE3 /* Edit Task */,
				9983F9061EC0B503005E624A /* Edit Timer Entry */,
				994063D21EB75E4A00E09165 /* Timer */,
				99DA935A1EC32E2E00817AF5 /* Summary */,
			);
			name = "User Interface";
			sourceTree = "<group>";
		};
		99BBB0291EB8C50F002C603F /* Extensions */ = {
			isa = PBXGroup;
			children = (
				998156111EB777F50057ECD0 /* Reactive+Additions */,
				991E7B391EB0BEF40086A9D9 /* Swift+Extensions */,
				991E7B2E1EB086520086A9D9 /* AppKit+Extensions */,
			);
			name = Extensions;
			sourceTree = "<group>";
		};
		99C26C251F5FC5CA00D649A9 /* Header */ = {
			isa = PBXGroup;
			children = (
				9946F6271F5E7E41009F914D /* CalendarHeaderView.swift */,
				99A79AFB1F6111800008BDA8 /* Testing.xib */,
				99C26C261F5FC5DC00D649A9 /* DayHeaderView.swift */,
			);
			name = Header;
			sourceTree = "<group>";
		};
		99D8C80D1EB3B50000EA5001 /* Calendar */ = {
			isa = PBXGroup;
			children = (
				99D8C80E1EB3B51800EA5001 /* CalendarViewController.swift */,
				99D8C80F1EB3B51800EA5001 /* CalendarViewController.xib */,
				99C26C251F5FC5CA00D649A9 /* Header */,
				998A0C3B1EC05712006CC99E /* CalendarCollectionView.swift */,
				99D8C8121EB3B6B600EA5001 /* CalendarCollectionItem.swift */,
				991AEBF11F5D209C00A7ECE2 /* CalendarCollectionItemStyle.swift */,
				99D8C8131EB3B6B600EA5001 /* CalendarCollectionItem.xib */,
				9933E49D1EB9C84600B1CE85 /* CalendarCollectionItemView.swift */,
				991AEBED1F5D1DD000A7ECE2 /* CalendarCollectionItemView+Types.swift */,
				991AEBEB1F5D1D3F00A7ECE2 /* CalendarCollectionItemView+Drawing.swift */,
				99D8C8161EB3B81900EA5001 /* CalendarCollectionLayout.swift */,
				994063CA1EB70ECA00E09165 /* CalendarHourHeader.xib */,
				994063CC1EB70F6400E09165 /* CalendarHourHeader.swift */,
				994063CE1EB715DA00E09165 /* CalendarTimeLine.swift */,
				9933E49F1EBA13CF00B1CE85 /* CalendarSectionLine.swift */,
				9933E4A11EBA176500B1CE85 /* CalendarSectionLabel.swift */,
				997F5D551F0BA7F800F0EBC1 /* CalendarResizeHandleView.swift */,
				997F5D571F0BFED800F0EBC1 /* CalendarTimerView.swift */,
			);
			name = Calendar;
			sourceTree = "<group>";
		};
		99D972241F04023500A18BC4 /* FocusPlanUITests */ = {
			isa = PBXGroup;
			children = (
				99D972251F04023500A18BC4 /* FocusPlanUITests.swift */,
				99D972271F04023500A18BC4 /* Info.plist */,
			);
			path = FocusPlanUITests;
			sourceTree = "<group>";
		};
		99DA935A1EC32E2E00817AF5 /* Summary */ = {
			isa = PBXGroup;
			children = (
				99DA935B1EC32E5900817AF5 /* SummaryRowViewController.swift */,
				99DA935C1EC32E5900817AF5 /* SummaryRowViewController.xib */,
				99DA935F1EC32FE700817AF5 /* SummaryRowItem.xib */,
				99DA93611EC349CC00817AF5 /* SummaryRowItem.swift */,
			);
			name = Summary;
			sourceTree = "<group>";
		};
		99EF84AC1F06361800B24058 /* Linked Projects */ = {
			isa = PBXGroup;
			children = (
				998938FC1F63AD0C003E0CD5 /* NiceUI.xcodeproj */,
				99EF84AD1F06362300B24058 /* NiceKit.xcodeproj */,
			);
			name = "Linked Projects";
			sourceTree = "<group>";
		};
		99EF84AE1F06362300B24058 /* Products */ = {
			isa = PBXGroup;
			children = (
				99EF84B21F06362300B24058 /* NiceKit.framework */,
			);
			name = Products;
			sourceTree = "<group>";
		};
		A31B13E7F81C6EC670404828 /* Pods */ = {
			isa = PBXGroup;
			children = (
				0465F2043DDDB30A3E16505C /* Pods-FocusPlan.debug.xcconfig */,
				7F46BF0B2D66AB30F28190F6 /* Pods-FocusPlan.release.xcconfig */,
			);
			name = Pods;
			sourceTree = "<group>";
		};
/* End PBXGroup section */

/* Begin PBXNativeTarget section */
		99078BF01EAF1CD000C3B789 /* FocusPlan */ = {
			isa = PBXNativeTarget;
			buildConfigurationList = 99078C031EAF1CD000C3B789 /* Build configuration list for PBXNativeTarget "FocusPlan" */;
			buildPhases = (
				A96D7E1D35A6749814E068D6 /* [CP] Check Pods Manifest.lock */,
				99078BED1EAF1CD000C3B789 /* Sources */,
				99078BEE1EAF1CD000C3B789 /* Frameworks */,
				99078BEF1EAF1CD000C3B789 /* Resources */,
				997FFBDA1EAF7DB300ABEA01 /* Embed Frameworks */,
				D564DBCD85F3123ED3B28563 /* [CP] Embed Pods Frameworks */,
				ECF6369E2A511BE9DC9F8358 /* [CP] Copy Pods Resources */,
				993550331EC9AE88004B6D23 /* ShellScript */,
			);
			buildRules = (
			);
			dependencies = (
				9981EB3A1F0A41040044F9F5 /* PBXTargetDependency */,
				998939051F63AD1A003E0CD5 /* PBXTargetDependency */,
			);
			name = FocusPlan;
			productName = FocusPlan;
			productReference = 99078BF11EAF1CD000C3B789 /* FocusPlan.app */;
			productType = "com.apple.product-type.application";
		};
		99D972221F04023500A18BC4 /* FocusPlanUITests */ = {
			isa = PBXNativeTarget;
			buildConfigurationList = 99D9722C1F04023500A18BC4 /* Build configuration list for PBXNativeTarget "FocusPlanUITests" */;
			buildPhases = (
				99D9721F1F04023500A18BC4 /* Sources */,
				99D972201F04023500A18BC4 /* Frameworks */,
				99D972211F04023500A18BC4 /* Resources */,
			);
			buildRules = (
			);
			dependencies = (
				99D972291F04023500A18BC4 /* PBXTargetDependency */,
			);
			name = FocusPlanUITests;
			productName = FocusPlanUITests;
			productReference = 99D972231F04023500A18BC4 /* FocusPlanUITests.xctest */;
			productType = "com.apple.product-type.bundle.ui-testing";
		};
/* End PBXNativeTarget section */

/* Begin PBXProject section */
		99078BE91EAF1CD000C3B789 /* Project object */ = {
			isa = PBXProject;
			attributes = {
				LastSwiftUpdateCheck = 0900;
				LastUpgradeCheck = 0830;
				ORGANIZATIONNAME = Median;
				TargetAttributes = {
					99078BF01EAF1CD000C3B789 = {
						CreatedOnToolsVersion = 8.3;
						DevelopmentTeam = Q4C48EKH9Z;
						ProvisioningStyle = Automatic;
						SystemCapabilities = {
							com.apple.Sandbox = {
								enabled = 1;
							};
						};
					};
					99D972221F04023500A18BC4 = {
						CreatedOnToolsVersion = 9.0;
						TestTargetID = 99078BF01EAF1CD000C3B789;
					};
				};
			};
			buildConfigurationList = 99078BEC1EAF1CD000C3B789 /* Build configuration list for PBXProject "FocusPlan" */;
			compatibilityVersion = "Xcode 3.2";
			developmentRegion = English;
			hasScannedForEncodings = 0;
			knownRegions = (
				en,
				Base,
			);
			mainGroup = 99078BE81EAF1CD000C3B789;
			productRefGroup = 99078BF21EAF1CD000C3B789 /* Products */;
			projectDirPath = "";
			projectReferences = (
				{
					ProductGroup = 99EF84AE1F06362300B24058 /* Products */;
					ProjectRef = 99EF84AD1F06362300B24058 /* NiceKit.xcodeproj */;
				},
				{
					ProductGroup = 998938FD1F63AD0C003E0CD5 /* Products */;
					ProjectRef = 998938FC1F63AD0C003E0CD5 /* NiceUI.xcodeproj */;
				},
			);
			projectRoot = "";
			targets = (
				99078BF01EAF1CD000C3B789 /* FocusPlan */,
				99D972221F04023500A18BC4 /* FocusPlanUITests */,
			);
		};
/* End PBXProject section */

/* Begin PBXReferenceProxy section */
		998939011F63AD0C003E0CD5 /* NiceUI.framework */ = {
			isa = PBXReferenceProxy;
			fileType = wrapper.framework;
			path = NiceUI.framework;
			remoteRef = 998939001F63AD0C003E0CD5 /* PBXContainerItemProxy */;
			sourceTree = BUILT_PRODUCTS_DIR;
		};
		99EF84B21F06362300B24058 /* NiceKit.framework */ = {
			isa = PBXReferenceProxy;
			fileType = wrapper.framework;
			path = NiceKit.framework;
			remoteRef = 99EF84B11F06362300B24058 /* PBXContainerItemProxy */;
			sourceTree = BUILT_PRODUCTS_DIR;
		};
/* End PBXReferenceProxy section */

/* Begin PBXResourcesBuildPhase section */
		99078BEF1EAF1CD000C3B789 /* Resources */ = {
			isa = PBXResourcesBuildPhase;
			buildActionMask = 2147483647;
			files = (
				99D8C8151EB3B6B600EA5001 /* CalendarCollectionItem.xib in Resources */,
				999576201F04FF4A00DBED9B /* check_fixed.json in Resources */,
				99078BFC1EAF1CD000C3B789 /* Assets.xcassets in Resources */,
				99DA935E1EC32E5900817AF5 /* SummaryRowViewController.xib in Resources */,
				999E650E1EB362780001AAB7 /* PlanViewController.xib in Resources */,
				99DA93601EC32FE700817AF5 /* SummaryRowItem.xib in Resources */,
				991E7B241EB071C20086A9D9 /* TasksViewController.xib in Resources */,
				999E65091EB361B20001AAB7 /* BacklogViewController.xib in Resources */,
				998AC3681EC61B1600559CB6 /* ReadOmnifocus.scpt in Resources */,
				994063CB1EB70ECA00E09165 /* CalendarHourHeader.xib in Resources */,
				998AC36C1EC628F300559CB6 /* json.scpt in Resources */,
				990A180A1EAF3D2300DCE839 /* ProjectsViewController.xib in Resources */,
				99169FEA1ED5EBFF00BFB4F2 /* TrialButtonViewController.xib in Resources */,
				994F0A261EC588DE00562B7A /* PreferencesController.xib in Resources */,
				99A79AFC1F6111800008BDA8 /* Testing.xib in Resources */,
				99B026DB1EBC941100533FE3 /* EditTaskViewController.xib in Resources */,
				990A18061EAF3C5A00DCE839 /* MainMenu.xib in Resources */,
				99D8C8111EB3B51800EA5001 /* CalendarViewController.xib in Resources */,
				99DA93591EC317B500817AF5 /* chime_reveal.aif in Resources */,
				9932F5901F0A5A82002844F1 /* ProjectFieldTipsController.xib in Resources */,
				9983F90A1EC0B5B0005E624A /* EditTimerEntryController.xib in Resources */,
			);
			runOnlyForDeploymentPostprocessing = 0;
		};
		99D972211F04023500A18BC4 /* Resources */ = {
			isa = PBXResourcesBuildPhase;
			buildActionMask = 2147483647;
			files = (
			);
			runOnlyForDeploymentPostprocessing = 0;
		};
/* End PBXResourcesBuildPhase section */

/* Begin PBXShellScriptBuildPhase section */
		993550331EC9AE88004B6D23 /* ShellScript */ = {
			isa = PBXShellScriptBuildPhase;
			buildActionMask = 2147483647;
			files = (
			);
			inputPaths = (
			);
			outputPaths = (
			);
			runOnlyForDeploymentPostprocessing = 0;
			shellPath = /bin/sh;
			shellScript = "\"${PODS_ROOT}/Fabric/run\" db06f38191134c3a84f59ca00eb465bfd13d37fa 08851423d88e1f9922560e95d2bfc05993240846af66f2806de050b2923b2634";
		};
		A96D7E1D35A6749814E068D6 /* [CP] Check Pods Manifest.lock */ = {
			isa = PBXShellScriptBuildPhase;
			buildActionMask = 2147483647;
			files = (
			);
			inputPaths = (
			);
			name = "[CP] Check Pods Manifest.lock";
			outputPaths = (
			);
			runOnlyForDeploymentPostprocessing = 0;
			shellPath = /bin/sh;
			shellScript = "diff \"${PODS_PODFILE_DIR_PATH}/Podfile.lock\" \"${PODS_ROOT}/Manifest.lock\" > /dev/null\nif [ $? != 0 ] ; then\n    # print error to STDERR\n    echo \"error: The sandbox is not in sync with the Podfile.lock. Run 'pod install' or update your CocoaPods installation.\" >&2\n    exit 1\nfi\n";
			showEnvVarsInLog = 0;
		};
		D564DBCD85F3123ED3B28563 /* [CP] Embed Pods Frameworks */ = {
			isa = PBXShellScriptBuildPhase;
			buildActionMask = 2147483647;
			files = (
			);
			inputPaths = (
			);
			name = "[CP] Embed Pods Frameworks";
			outputPaths = (
			);
			runOnlyForDeploymentPostprocessing = 0;
			shellPath = /bin/sh;
			shellScript = "\"${SRCROOT}/Pods/Target Support Files/Pods-FocusPlan/Pods-FocusPlan-frameworks.sh\"\n";
			showEnvVarsInLog = 0;
		};
		ECF6369E2A511BE9DC9F8358 /* [CP] Copy Pods Resources */ = {
			isa = PBXShellScriptBuildPhase;
			buildActionMask = 2147483647;
			files = (
			);
			inputPaths = (
			);
			name = "[CP] Copy Pods Resources";
			outputPaths = (
			);
			runOnlyForDeploymentPostprocessing = 0;
			shellPath = /bin/sh;
			shellScript = "\"${SRCROOT}/Pods/Target Support Files/Pods-FocusPlan/Pods-FocusPlan-resources.sh\"\n";
			showEnvVarsInLog = 0;
		};
/* End PBXShellScriptBuildPhase section */

/* Begin PBXSourcesBuildPhase section */
		99078BED1EAF1CD000C3B789 /* Sources */ = {
			isa = PBXSourcesBuildPhase;
			buildActionMask = 2147483647;
			files = (
				998352E41EC4C12000303E7D /* TaskPlanWrapperView.swift in Sources */,
				991E7B341EB093690086A9D9 /* TasksRowView.swift in Sources */,
				99BBB0271EB8C270002C603F /* Formatting.swift in Sources */,
				99D7ED7A1F029A2D00E1512C /* TasksHeaderTableCellView.swift in Sources */,
				999890BD1EC5E2F600CAD209 /* Project+Extensions.swift in Sources */,
				9933E49C1EB9BC6200B1CE85 /* PomodoroType.swift in Sources */,
				999E650D1EB362780001AAB7 /* PlanViewController.swift in Sources */,
				998156131EB778020057ECD0 /* NSButton+Reactive.swift in Sources */,
				9932F5921F0A5A82002844F1 /* ProjectField.swift in Sources */,
				998352E01EC4A28200303E7D /* CustomTableRowView.swift in Sources */,
				99EEDE5D1EAF931500662DED /* ProjectsOutlineView.swift in Sources */,
				9983F9091EC0B5B0005E624A /* EditTimerEntryController.swift in Sources */,
				998352E21EC4BAEF00303E7D /* TaskPlanTableCellView.swift in Sources */,
				994063C91EB7035400E09165 /* Date+Extensions.swift in Sources */,
				99D7ED7C1F02A1BB00E1512C /* ProjectsActionHeaderCell.swift in Sources */,
				99169FE91ED5EBFF00BFB4F2 /* TrialButtonViewController.swift in Sources */,
				993550321EC99D33004B6D23 /* AlertHelper.swift in Sources */,
				9981560D1EB76ECB0057ECD0 /* TimerEntry+Reactive.swift in Sources */,
				9946F6281F5E7E41009F914D /* CalendarHeaderView.swift in Sources */,
				991AEBEE1F5D1DD000A7ECE2 /* CalendarCollectionItemView+Types.swift in Sources */,
				994F0A251EC588DE00562B7A /* PreferencesController.swift in Sources */,
				99D7ED7E1F03D80C00E1512C /* ProjectsTableRowView.swift in Sources */,
				994F0A2C1EC5957200562B7A /* UserDefaults+Extensions.swift in Sources */,
				99A24EA71EB3591300C3F229 /* Palette.swift in Sources */,
				991E7B231EB071C20086A9D9 /* TasksViewController.swift in Sources */,
				9932F5931F0A5A82002844F1 /* ProjectFieldTipCell.swift in Sources */,
				991AEBEC1F5D1D3F00A7ECE2 /* CalendarCollectionItemView+Drawing.swift in Sources */,
				99D8C80C1EB3A16D00EA5001 /* NSManagedObjectModel+Extensions.swift in Sources */,
				99C26C291F5FC62D00D649A9 /* BorderView.swift in Sources */,
				994208381EC2FF5600CB4D4E /* MenubarController.swift in Sources */,
				99D122ED1EB8729A00D495DC /* TimerEntry+Extensions.swift in Sources */,
				99D122EB1EB86D6C00D495DC /* CalendarEvent.swift in Sources */,
				99169FE11ED5DEBE00BFB4F2 /* AppDelegate+TrialChecking.swift in Sources */,
				99D122F11EB8A9D600D495DC /* TasksObserver.swift in Sources */,
				994F0A211EC5750B00562B7A /* ProjectsViewController+Types.swift in Sources */,
				99FE0A8F1F0623F5008C69A5 /* Stylesheet.swift in Sources */,
				991E7B381EB0BEF00086A9D9 /* String+Extensions.swift in Sources */,
				998AC36A1EC61D7200559CB6 /* ScriptingManager.swift in Sources */,
				990A180C1EAF3D9700DCE839 /* MainWindow.swift in Sources */,
				99D7ED781F02945800E1512C /* SecondaryBackgroundView.swift in Sources */,
				990A18091EAF3D2300DCE839 /* ProjectsViewController.swift in Sources */,
				991E7B291EB082C60086A9D9 /* TaskTitleTableCellView.swift in Sources */,
				991E7AFA1EB064FE0086A9D9 /* Project+Reactive.swift in Sources */,
				99B026D61EBC7E9300533FE3 /* Sequence+Extensions.swift in Sources */,
				994063D61EB761D000E09165 /* TimerViewController.swift in Sources */,
				9932F5911F0A5A82002844F1 /* ProjectFieldTipsController.swift in Sources */,
				997BAE151F0290D70072681B /* NiceSplitView.swift in Sources */,
				991E7B301EB0865F0086A9D9 /* NSOutlineView+Extensions.swift in Sources */,
				998156101EB7761F0057ECD0 /* TimerState.swift in Sources */,
				994063D41EB75E5D00E09165 /* TimerFrameView.swift in Sources */,
				99D8C8171EB3B81900EA5001 /* CalendarCollectionLayout.swift in Sources */,
				998746CA1EB360320079215B /* BacklogViewController.swift in Sources */,
				998352D51EC4597300303E7D /* ClickableLabel.swift in Sources */,
				99DA93621EC349CC00817AF5 /* SummaryRowItem.swift in Sources */,
				99169FDF1ED5DDE200BFB4F2 /* Config.swift in Sources */,
				99D8C8101EB3B51800EA5001 /* CalendarViewController.swift in Sources */,
				994063D11EB72B2A00E09165 /* TaskProjectTableCellView.swift in Sources */,
				99B610161EB0602A0098F69C /* ProjectTableCellView.swift in Sources */,
				994063CD1EB70F6400E09165 /* CalendarHourHeader.swift in Sources */,
				997F5D581F0BFED800F0EBC1 /* CalendarTimerView.swift in Sources */,
				99B026DA1EBC941100533FE3 /* EditTaskViewController.swift in Sources */,
				99DA935D1EC32E5900817AF5 /* SummaryRowViewController.swift in Sources */,
				998156171EB77DAE0057ECD0 /* ProjectColorView.swift in Sources */,
				99E6CD861EB6FEA0002A7966 /* Task+Extensions.swift in Sources */,
				99078BF51EAF1CD000C3B789 /* AppDelegate.swift in Sources */,
				997F5D561F0BA7F800F0EBC1 /* CalendarResizeHandleView.swift in Sources */,
				998A0C3C1EC05712006CC99E /* CalendarCollectionView.swift in Sources */,
				991E7B3C1EB0E80A0086A9D9 /* EditableTableCellView.swift in Sources */,
				99BBB0241EB8BFB5002C603F /* TimerLane.swift in Sources */,
				9933E49E1EB9C84600B1CE85 /* CalendarCollectionItemView.swift in Sources */,
				99D122EF1EB8A6C500D495DC /* MainWindowDelegate.swift in Sources */,
				99B026DD1EBCA13200533FE3 /* SelectingTextField.swift in Sources */,
				99C26C271F5FC5DC00D649A9 /* DayHeaderView.swift in Sources */,
				991AEBF21F5D209C00A7ECE2 /* CalendarCollectionItemStyle.swift in Sources */,
				99B026E11EBCBA4D00533FE3 /* BackgroundView.swift in Sources */,
				9946F62A1F5E7EDB009F914D /* HeaderLabel.swift in Sources */,
				9933E4A21EBA176500B1CE85 /* CalendarSectionLabel.swift in Sources */,
				994208351EC2EE4800CB4D4E /* PlanViewController+Types.swift in Sources */,
				99B026D41EBC675F00533FE3 /* CalendarEventsCollection.swift in Sources */,
				994063CF1EB715DA00E09165 /* CalendarTimeLine.swift in Sources */,
				991E7B2B1EB082FE0086A9D9 /* Task+Reactive.swift in Sources */,
				991E7B2D1EB085EF0086A9D9 /* TasksOutlineView.swift in Sources */,
				99D8C8141EB3B6B600EA5001 /* CalendarCollectionItem.swift in Sources */,
				9933E31E1EC047CE00774BD4 /* YellowView.swift in Sources */,
				99078BFA1EAF1CD000C3B789 /* FocusPlan.xcdatamodeld in Sources */,
				999576181F04F4FA00DBED9B /* NiceClickGestureRecognizer.swift in Sources */,
				991E7B361EB0B9660086A9D9 /* TaskEstimateTableCellView.swift in Sources */,
				9933E4A01EBA13CF00B1CE85 /* CalendarSectionLine.swift in Sources */,
				998939071F63AFE8003E0CD5 /* ProjectColorPicker.swift in Sources */,
			);
			runOnlyForDeploymentPostprocessing = 0;
		};
		99D9721F1F04023500A18BC4 /* Sources */ = {
			isa = PBXSourcesBuildPhase;
			buildActionMask = 2147483647;
			files = (
				99D972261F04023500A18BC4 /* FocusPlanUITests.swift in Sources */,
			);
			runOnlyForDeploymentPostprocessing = 0;
		};
/* End PBXSourcesBuildPhase section */

/* Begin PBXTargetDependency section */
		9981EB3A1F0A41040044F9F5 /* PBXTargetDependency */ = {
			isa = PBXTargetDependency;
			name = NiceKit;
			targetProxy = 9981EB391F0A41040044F9F5 /* PBXContainerItemProxy */;
		};
		998939051F63AD1A003E0CD5 /* PBXTargetDependency */ = {
			isa = PBXTargetDependency;
			name = NiceUI;
			targetProxy = 998939041F63AD1A003E0CD5 /* PBXContainerItemProxy */;
		};
		99D972291F04023500A18BC4 /* PBXTargetDependency */ = {
			isa = PBXTargetDependency;
			target = 99078BF01EAF1CD000C3B789 /* FocusPlan */;
			targetProxy = 99D972281F04023500A18BC4 /* PBXContainerItemProxy */;
		};
/* End PBXTargetDependency section */

/* Begin XCBuildConfiguration section */
		99078C011EAF1CD000C3B789 /* Debug */ = {
			isa = XCBuildConfiguration;
			buildSettings = {
				ALWAYS_SEARCH_USER_PATHS = NO;
				CLANG_ANALYZER_NONNULL = YES;
				CLANG_ANALYZER_NUMBER_OBJECT_CONVERSION = YES_AGGRESSIVE;
				CLANG_CXX_LANGUAGE_STANDARD = "gnu++0x";
				CLANG_CXX_LIBRARY = "libc++";
				CLANG_ENABLE_MODULES = YES;
				CLANG_ENABLE_OBJC_ARC = YES;
				CLANG_WARN_BOOL_CONVERSION = YES;
				CLANG_WARN_CONSTANT_CONVERSION = YES;
				CLANG_WARN_DIRECT_OBJC_ISA_USAGE = YES_ERROR;
				CLANG_WARN_DOCUMENTATION_COMMENTS = YES;
				CLANG_WARN_EMPTY_BODY = YES;
				CLANG_WARN_ENUM_CONVERSION = YES;
				CLANG_WARN_INFINITE_RECURSION = YES;
				CLANG_WARN_INT_CONVERSION = YES;
				CLANG_WARN_OBJC_ROOT_CLASS = YES_ERROR;
				CLANG_WARN_SUSPICIOUS_MOVE = YES;
				CLANG_WARN_UNREACHABLE_CODE = YES;
				CLANG_WARN__DUPLICATE_METHOD_MATCH = YES;
				CODE_SIGN_IDENTITY = "-";
				COPY_PHASE_STRIP = NO;
				DEBUG_INFORMATION_FORMAT = dwarf;
				ENABLE_STRICT_OBJC_MSGSEND = YES;
				ENABLE_TESTABILITY = YES;
				GCC_C_LANGUAGE_STANDARD = gnu99;
				GCC_DYNAMIC_NO_PIC = NO;
				GCC_NO_COMMON_BLOCKS = YES;
				GCC_OPTIMIZATION_LEVEL = 0;
				GCC_PREPROCESSOR_DEFINITIONS = (
					"DEBUG=1",
					"$(inherited)",
				);
				GCC_WARN_64_TO_32_BIT_CONVERSION = YES;
				GCC_WARN_ABOUT_RETURN_TYPE = YES_ERROR;
				GCC_WARN_UNDECLARED_SELECTOR = YES;
				GCC_WARN_UNINITIALIZED_AUTOS = YES_AGGRESSIVE;
				GCC_WARN_UNUSED_FUNCTION = YES;
				GCC_WARN_UNUSED_VARIABLE = YES;
				MACOSX_DEPLOYMENT_TARGET = 10.12;
				MTL_ENABLE_DEBUG_INFO = YES;
				ONLY_ACTIVE_ARCH = YES;
				SDKROOT = macosx;
				SWIFT_ACTIVE_COMPILATION_CONDITIONS = DEBUG;
				SWIFT_OPTIMIZATION_LEVEL = "-Onone";
			};
			name = Debug;
		};
		99078C021EAF1CD000C3B789 /* Release */ = {
			isa = XCBuildConfiguration;
			buildSettings = {
				ALWAYS_SEARCH_USER_PATHS = NO;
				CLANG_ANALYZER_NONNULL = YES;
				CLANG_ANALYZER_NUMBER_OBJECT_CONVERSION = YES_AGGRESSIVE;
				CLANG_CXX_LANGUAGE_STANDARD = "gnu++0x";
				CLANG_CXX_LIBRARY = "libc++";
				CLANG_ENABLE_MODULES = YES;
				CLANG_ENABLE_OBJC_ARC = YES;
				CLANG_WARN_BOOL_CONVERSION = YES;
				CLANG_WARN_CONSTANT_CONVERSION = YES;
				CLANG_WARN_DIRECT_OBJC_ISA_USAGE = YES_ERROR;
				CLANG_WARN_DOCUMENTATION_COMMENTS = YES;
				CLANG_WARN_EMPTY_BODY = YES;
				CLANG_WARN_ENUM_CONVERSION = YES;
				CLANG_WARN_INFINITE_RECURSION = YES;
				CLANG_WARN_INT_CONVERSION = YES;
				CLANG_WARN_OBJC_ROOT_CLASS = YES_ERROR;
				CLANG_WARN_SUSPICIOUS_MOVE = YES;
				CLANG_WARN_UNREACHABLE_CODE = YES;
				CLANG_WARN__DUPLICATE_METHOD_MATCH = YES;
				CODE_SIGN_IDENTITY = "-";
				COPY_PHASE_STRIP = NO;
				DEBUG_INFORMATION_FORMAT = "dwarf-with-dsym";
				ENABLE_NS_ASSERTIONS = NO;
				ENABLE_STRICT_OBJC_MSGSEND = YES;
				GCC_C_LANGUAGE_STANDARD = gnu99;
				GCC_NO_COMMON_BLOCKS = YES;
				GCC_WARN_64_TO_32_BIT_CONVERSION = YES;
				GCC_WARN_ABOUT_RETURN_TYPE = YES_ERROR;
				GCC_WARN_UNDECLARED_SELECTOR = YES;
				GCC_WARN_UNINITIALIZED_AUTOS = YES_AGGRESSIVE;
				GCC_WARN_UNUSED_FUNCTION = YES;
				GCC_WARN_UNUSED_VARIABLE = YES;
				MACOSX_DEPLOYMENT_TARGET = 10.12;
				MTL_ENABLE_DEBUG_INFO = NO;
				SDKROOT = macosx;
				SWIFT_OPTIMIZATION_LEVEL = "-Owholemodule";
			};
			name = Release;
		};
		99078C041EAF1CD000C3B789 /* Debug */ = {
			isa = XCBuildConfiguration;
			baseConfigurationReference = 0465F2043DDDB30A3E16505C /* Pods-FocusPlan.debug.xcconfig */;
			buildSettings = {
				ALWAYS_EMBED_SWIFT_STANDARD_LIBRARIES = YES;
				ASSETCATALOG_COMPILER_APPICON_NAME = AppIcon;
				CODE_SIGN_ENTITLEMENTS = FocusPlan/FocusPlan.entitlements;
				CODE_SIGN_IDENTITY = "Mac Developer";
				CODE_SIGN_STYLE = Automatic;
				COMBINE_HIDPI_IMAGES = YES;
				CURRENT_PROJECT_VERSION = 101;
				DEVELOPMENT_TEAM = "";
				FRAMEWORK_SEARCH_PATHS = (
					"$(inherited)",
					"$(PROJECT_DIR)/Carthage/Build/Mac",
					"$(PROJECT_DIR)/HockeySDK-Mac",
					"$(PROJECT_DIR)",
				);
				INFOPLIST_FILE = FocusPlan/Info.plist;
				LD_RUNPATH_SEARCH_PATHS = "$(inherited) @executable_path/../Frameworks";
				MACOSX_DEPLOYMENT_TARGET = 10.12;
				PRODUCT_BUNDLE_IDENTIFIER = tech.median.FocusPlan;
				PRODUCT_NAME = "$(TARGET_NAME)";
				PROVISIONING_PROFILE = "";
				PROVISIONING_PROFILE_SPECIFIER = "";
				SWIFT_VERSION = 3.0;
			};
			name = Debug;
		};
		99078C051EAF1CD000C3B789 /* Release */ = {
			isa = XCBuildConfiguration;
			baseConfigurationReference = 7F46BF0B2D66AB30F28190F6 /* Pods-FocusPlan.release.xcconfig */;
			buildSettings = {
				ALWAYS_EMBED_SWIFT_STANDARD_LIBRARIES = YES;
				ASSETCATALOG_COMPILER_APPICON_NAME = AppIcon;
				CODE_SIGN_ENTITLEMENTS = FocusPlan/FocusPlan.entitlements;
				CODE_SIGN_IDENTITY = "Mac Developer";
				CODE_SIGN_STYLE = Automatic;
				COMBINE_HIDPI_IMAGES = YES;
				CURRENT_PROJECT_VERSION = 101;
				DEVELOPMENT_TEAM = "";
				FRAMEWORK_SEARCH_PATHS = (
					"$(inherited)",
					"$(PROJECT_DIR)/Carthage/Build/Mac",
					"$(PROJECT_DIR)/HockeySDK-Mac",
					"$(PROJECT_DIR)",
				);
				INFOPLIST_FILE = FocusPlan/Info.plist;
				LD_RUNPATH_SEARCH_PATHS = "$(inherited) @executable_path/../Frameworks";
				MACOSX_DEPLOYMENT_TARGET = 10.12;
				PRODUCT_BUNDLE_IDENTIFIER = tech.median.FocusPlan;
				PRODUCT_NAME = "$(TARGET_NAME)";
				PROVISIONING_PROFILE = "";
				PROVISIONING_PROFILE_SPECIFIER = "";
				SWIFT_VERSION = 3.0;
			};
			name = Release;
		};
		99D9722A1F04023500A18BC4 /* Debug */ = {
			isa = XCBuildConfiguration;
			buildSettings = {
				CLANG_CXX_LANGUAGE_STANDARD = "gnu++14";
				CLANG_WARN_BLOCK_CAPTURE_AUTORELEASING = YES;
				CLANG_WARN_COMMA = YES;
				CLANG_WARN_RANGE_LOOP_ANALYSIS = YES;
				CLANG_WARN_STRICT_PROTOTYPES = YES;
				CLANG_WARN_UNGUARDED_AVAILABILITY = YES_AGGRESSIVE;
				COMBINE_HIDPI_IMAGES = YES;
				GCC_C_LANGUAGE_STANDARD = gnu11;
				INFOPLIST_FILE = FocusPlanUITests/Info.plist;
				LD_RUNPATH_SEARCH_PATHS = "$(inherited) @executable_path/../Frameworks @loader_path/../Frameworks";
				PRODUCT_BUNDLE_IDENTIFIER = tech.median.FocusPlanUITests;
				PRODUCT_NAME = "$(TARGET_NAME)";
				SWIFT_VERSION = 4.0;
				TEST_TARGET_NAME = FocusPlan;
			};
			name = Debug;
		};
		99D9722B1F04023500A18BC4 /* Release */ = {
			isa = XCBuildConfiguration;
			buildSettings = {
				CLANG_CXX_LANGUAGE_STANDARD = "gnu++14";
				CLANG_WARN_BLOCK_CAPTURE_AUTORELEASING = YES;
				CLANG_WARN_COMMA = YES;
				CLANG_WARN_RANGE_LOOP_ANALYSIS = YES;
				CLANG_WARN_STRICT_PROTOTYPES = YES;
				CLANG_WARN_UNGUARDED_AVAILABILITY = YES_AGGRESSIVE;
				COMBINE_HIDPI_IMAGES = YES;
				GCC_C_LANGUAGE_STANDARD = gnu11;
				INFOPLIST_FILE = FocusPlanUITests/Info.plist;
				LD_RUNPATH_SEARCH_PATHS = "$(inherited) @executable_path/../Frameworks @loader_path/../Frameworks";
				PRODUCT_BUNDLE_IDENTIFIER = tech.median.FocusPlanUITests;
				PRODUCT_NAME = "$(TARGET_NAME)";
				SWIFT_VERSION = 4.0;
				TEST_TARGET_NAME = FocusPlan;
			};
			name = Release;
		};
/* End XCBuildConfiguration section */

/* Begin XCConfigurationList section */
		99078BEC1EAF1CD000C3B789 /* Build configuration list for PBXProject "FocusPlan" */ = {
			isa = XCConfigurationList;
			buildConfigurations = (
				99078C011EAF1CD000C3B789 /* Debug */,
				99078C021EAF1CD000C3B789 /* Release */,
			);
			defaultConfigurationIsVisible = 0;
			defaultConfigurationName = Release;
		};
		99078C031EAF1CD000C3B789 /* Build configuration list for PBXNativeTarget "FocusPlan" */ = {
			isa = XCConfigurationList;
			buildConfigurations = (
				99078C041EAF1CD000C3B789 /* Debug */,
				99078C051EAF1CD000C3B789 /* Release */,
			);
			defaultConfigurationIsVisible = 0;
			defaultConfigurationName = Release;
		};
		99D9722C1F04023500A18BC4 /* Build configuration list for PBXNativeTarget "FocusPlanUITests" */ = {
			isa = XCConfigurationList;
			buildConfigurations = (
				99D9722A1F04023500A18BC4 /* Debug */,
				99D9722B1F04023500A18BC4 /* Release */,
			);
			defaultConfigurationIsVisible = 0;
			defaultConfigurationName = Release;
		};
/* End XCConfigurationList section */

/* Begin XCVersionGroup section */
		99078BF81EAF1CD000C3B789 /* FocusPlan.xcdatamodeld */ = {
			isa = XCVersionGroup;
			children = (
				994999E71ED861D7008044C6 /* FocusPlan 2.xcdatamodel */,
				99078BF91EAF1CD000C3B789 /* FocusPlan.xcdatamodel */,
			);
			currentVersion = 994999E71ED861D7008044C6 /* FocusPlan 2.xcdatamodel */;
			path = FocusPlan.xcdatamodeld;
			sourceTree = "<group>";
			versionGroupType = wrapper.xcdatamodel;
		};
/* End XCVersionGroup section */
	};
	rootObject = 99078BE91EAF1CD000C3B789 /* Project object */;
}
