// !$*UTF8*$!
{
	archiveVersion = 1;
	classes = {
	};
	objectVersion = 46;
	objects = {

/* Begin PBXBuildFile section */
		99078BF51EAF1CD000C3B789 /* AppDelegate.swift in Sources */ = {isa = PBXBuildFile; fileRef = 99078BF41EAF1CD000C3B789 /* AppDelegate.swift */; };
		99078BFA1EAF1CD000C3B789 /* FocusPlan.xcdatamodeld in Sources */ = {isa = PBXBuildFile; fileRef = 99078BF81EAF1CD000C3B789 /* FocusPlan.xcdatamodeld */; };
		99078BFC1EAF1CD000C3B789 /* Assets.xcassets in Resources */ = {isa = PBXBuildFile; fileRef = 99078BFB1EAF1CD000C3B789 /* Assets.xcassets */; };
		990A18061EAF3C5A00DCE839 /* MainMenu.xib in Resources */ = {isa = PBXBuildFile; fileRef = 990A18051EAF3C5A00DCE839 /* MainMenu.xib */; };
		990A18091EAF3D2300DCE839 /* ProjectsViewController.swift in Sources */ = {isa = PBXBuildFile; fileRef = 990A18071EAF3D2300DCE839 /* ProjectsViewController.swift */; };
		990A180A1EAF3D2300DCE839 /* ProjectsViewController.xib in Resources */ = {isa = PBXBuildFile; fileRef = 990A18081EAF3D2300DCE839 /* ProjectsViewController.xib */; };
		990A180C1EAF3D9700DCE839 /* MainWindow.swift in Sources */ = {isa = PBXBuildFile; fileRef = 990A180B1EAF3D9700DCE839 /* MainWindow.swift */; };
		991E7AFA1EB064FE0086A9D9 /* Project+Reactive.swift in Sources */ = {isa = PBXBuildFile; fileRef = 991E7AF91EB064FE0086A9D9 /* Project+Reactive.swift */; };
		991E7B1E1EB06A340086A9D9 /* NiceReactive.framework in Frameworks */ = {isa = PBXBuildFile; fileRef = 991E7B1D1EB06A340086A9D9 /* NiceReactive.framework */; };
		991E7B1F1EB06A380086A9D9 /* NiceReactive.framework in Embed Frameworks */ = {isa = PBXBuildFile; fileRef = 991E7B1D1EB06A340086A9D9 /* NiceReactive.framework */; settings = {ATTRIBUTES = (CodeSignOnCopy, RemoveHeadersOnCopy, ); }; };
		991E7B231EB071C20086A9D9 /* TasksViewController.swift in Sources */ = {isa = PBXBuildFile; fileRef = 991E7B211EB071C20086A9D9 /* TasksViewController.swift */; };
		991E7B241EB071C20086A9D9 /* TasksViewController.xib in Resources */ = {isa = PBXBuildFile; fileRef = 991E7B221EB071C20086A9D9 /* TasksViewController.xib */; };
		991E7B271EB07E3F0086A9D9 /* TasksBackgroundView.swift in Sources */ = {isa = PBXBuildFile; fileRef = 991E7B261EB07E3F0086A9D9 /* TasksBackgroundView.swift */; };
		991E7B291EB082C60086A9D9 /* TaskTitleTableCellView.swift in Sources */ = {isa = PBXBuildFile; fileRef = 991E7B281EB082C60086A9D9 /* TaskTitleTableCellView.swift */; };
		991E7B2B1EB082FE0086A9D9 /* Task+Reactive.swift in Sources */ = {isa = PBXBuildFile; fileRef = 991E7B2A1EB082FE0086A9D9 /* Task+Reactive.swift */; };
		991E7B2D1EB085EF0086A9D9 /* TasksOutlineView.swift in Sources */ = {isa = PBXBuildFile; fileRef = 991E7B2C1EB085EF0086A9D9 /* TasksOutlineView.swift */; };
		991E7B301EB0865F0086A9D9 /* NSOutlineView+Extensions.swift in Sources */ = {isa = PBXBuildFile; fileRef = 991E7B2F1EB0865F0086A9D9 /* NSOutlineView+Extensions.swift */; };
		991E7B341EB093690086A9D9 /* TasksRowView.swift in Sources */ = {isa = PBXBuildFile; fileRef = 991E7B331EB093690086A9D9 /* TasksRowView.swift */; };
		991E7B361EB0B9660086A9D9 /* TaskEstimateTableCellView.swift in Sources */ = {isa = PBXBuildFile; fileRef = 991E7B351EB0B9660086A9D9 /* TaskEstimateTableCellView.swift */; };
		991E7B381EB0BEF00086A9D9 /* String+Extensions.swift in Sources */ = {isa = PBXBuildFile; fileRef = 991E7B371EB0BEF00086A9D9 /* String+Extensions.swift */; };
		991E7B3C1EB0E80A0086A9D9 /* EditableTableCellView.swift in Sources */ = {isa = PBXBuildFile; fileRef = 991E7B3B1EB0E80A0086A9D9 /* EditableTableCellView.swift */; };
		997FFBCE1EAF7DB200ABEA01 /* ReactiveCocoa.framework in Frameworks */ = {isa = PBXBuildFile; fileRef = 997FFBC61EAF7DA900ABEA01 /* ReactiveCocoa.framework */; };
		997FFBCF1EAF7DB200ABEA01 /* ReactiveCocoa.framework in Embed Frameworks */ = {isa = PBXBuildFile; fileRef = 997FFBC61EAF7DA900ABEA01 /* ReactiveCocoa.framework */; settings = {ATTRIBUTES = (CodeSignOnCopy, RemoveHeadersOnCopy, ); }; };
		997FFBD01EAF7DB200ABEA01 /* ReactiveSwift.framework in Frameworks */ = {isa = PBXBuildFile; fileRef = 997FFBC71EAF7DA900ABEA01 /* ReactiveSwift.framework */; };
		997FFBD11EAF7DB200ABEA01 /* ReactiveSwift.framework in Embed Frameworks */ = {isa = PBXBuildFile; fileRef = 997FFBC71EAF7DA900ABEA01 /* ReactiveSwift.framework */; settings = {ATTRIBUTES = (CodeSignOnCopy, RemoveHeadersOnCopy, ); }; };
		997FFBD21EAF7DB200ABEA01 /* Result.framework in Frameworks */ = {isa = PBXBuildFile; fileRef = 997FFBC81EAF7DA900ABEA01 /* Result.framework */; };
		997FFBD31EAF7DB200ABEA01 /* Result.framework in Embed Frameworks */ = {isa = PBXBuildFile; fileRef = 997FFBC81EAF7DA900ABEA01 /* Result.framework */; settings = {ATTRIBUTES = (CodeSignOnCopy, RemoveHeadersOnCopy, ); }; };
		997FFBD61EAF7DB200ABEA01 /* Cartography.framework in Frameworks */ = {isa = PBXBuildFile; fileRef = 9922F1191EAF656000BFA01F /* Cartography.framework */; };
		997FFBD71EAF7DB200ABEA01 /* Cartography.framework in Embed Frameworks */ = {isa = PBXBuildFile; fileRef = 9922F1191EAF656000BFA01F /* Cartography.framework */; settings = {ATTRIBUTES = (CodeSignOnCopy, RemoveHeadersOnCopy, ); }; };
		997FFBD81EAF7DB200ABEA01 /* NiceKit.framework in Frameworks */ = {isa = PBXBuildFile; fileRef = 9922F11A1EAF656000BFA01F /* NiceKit.framework */; };
		997FFBD91EAF7DB200ABEA01 /* NiceKit.framework in Embed Frameworks */ = {isa = PBXBuildFile; fileRef = 9922F11A1EAF656000BFA01F /* NiceKit.framework */; settings = {ATTRIBUTES = (CodeSignOnCopy, RemoveHeadersOnCopy, ); }; };
		998746CA1EB360320079215B /* BacklogViewController.swift in Sources */ = {isa = PBXBuildFile; fileRef = 998746C91EB360320079215B /* BacklogViewController.swift */; };
		999E65091EB361B20001AAB7 /* BacklogViewController.xib in Resources */ = {isa = PBXBuildFile; fileRef = 999E65081EB361B20001AAB7 /* BacklogViewController.xib */; };
		999E650D1EB362780001AAB7 /* PlanViewController.swift in Sources */ = {isa = PBXBuildFile; fileRef = 999E650B1EB362780001AAB7 /* PlanViewController.swift */; };
		999E650E1EB362780001AAB7 /* PlanViewController.xib in Resources */ = {isa = PBXBuildFile; fileRef = 999E650C1EB362780001AAB7 /* PlanViewController.xib */; };
		99A24EA71EB3591300C3F229 /* Palette.swift in Sources */ = {isa = PBXBuildFile; fileRef = 99A24EA61EB3591300C3F229 /* Palette.swift */; };
		99A762681EB1C2CD00A90AE9 /* NiceUI.framework in Frameworks */ = {isa = PBXBuildFile; fileRef = 99A762671EB1C2CD00A90AE9 /* NiceUI.framework */; };
		99A762691EB1C2D000A90AE9 /* NiceUI.framework in Frameworks */ = {isa = PBXBuildFile; fileRef = 99A762671EB1C2CD00A90AE9 /* NiceUI.framework */; };
		99A7626A1EB1C2D000A90AE9 /* NiceUI.framework in Embed Frameworks */ = {isa = PBXBuildFile; fileRef = 99A762671EB1C2CD00A90AE9 /* NiceUI.framework */; settings = {ATTRIBUTES = (CodeSignOnCopy, RemoveHeadersOnCopy, ); }; };
		99B610101EB05D550098F69C /* Hue.framework in Frameworks */ = {isa = PBXBuildFile; fileRef = 99B6100F1EB05D550098F69C /* Hue.framework */; };
		99B610121EB05D570098F69C /* Hue.framework in Embed Frameworks */ = {isa = PBXBuildFile; fileRef = 99B6100F1EB05D550098F69C /* Hue.framework */; settings = {ATTRIBUTES = (CodeSignOnCopy, RemoveHeadersOnCopy, ); }; };
		99B610161EB0602A0098F69C /* ProjectTableCellView.swift in Sources */ = {isa = PBXBuildFile; fileRef = 99B610151EB0602A0098F69C /* ProjectTableCellView.swift */; };
		99EEDE391EAF855400662DED /* NiceData.framework in Frameworks */ = {isa = PBXBuildFile; fileRef = 99EEDE371EAF854200662DED /* NiceData.framework */; };
		99EEDE3A1EAF855400662DED /* NiceData.framework in Embed Frameworks */ = {isa = PBXBuildFile; fileRef = 99EEDE371EAF854200662DED /* NiceData.framework */; settings = {ATTRIBUTES = (CodeSignOnCopy, RemoveHeadersOnCopy, ); }; };
		99EEDE5D1EAF931500662DED /* ProjectsOutlineView.swift in Sources */ = {isa = PBXBuildFile; fileRef = 99EEDE5C1EAF931500662DED /* ProjectsOutlineView.swift */; };
/* End PBXBuildFile section */

/* Begin PBXCopyFilesBuildPhase section */
		997FFBDA1EAF7DB300ABEA01 /* Embed Frameworks */ = {
			isa = PBXCopyFilesBuildPhase;
			buildActionMask = 2147483647;
			dstPath = "";
			dstSubfolderSpec = 10;
			files = (
				997FFBD31EAF7DB200ABEA01 /* Result.framework in Embed Frameworks */,
				991E7B1F1EB06A380086A9D9 /* NiceReactive.framework in Embed Frameworks */,
				997FFBD71EAF7DB200ABEA01 /* Cartography.framework in Embed Frameworks */,
				997FFBCF1EAF7DB200ABEA01 /* ReactiveCocoa.framework in Embed Frameworks */,
				99EEDE3A1EAF855400662DED /* NiceData.framework in Embed Frameworks */,
				997FFBD91EAF7DB200ABEA01 /* NiceKit.framework in Embed Frameworks */,
				99B610121EB05D570098F69C /* Hue.framework in Embed Frameworks */,
				99A7626A1EB1C2D000A90AE9 /* NiceUI.framework in Embed Frameworks */,
				997FFBD11EAF7DB200ABEA01 /* ReactiveSwift.framework in Embed Frameworks */,
			);
			name = "Embed Frameworks";
			runOnlyForDeploymentPostprocessing = 0;
		};
/* End PBXCopyFilesBuildPhase section */

/* Begin PBXFileReference section */
		99078BF11EAF1CD000C3B789 /* FocusPlan.app */ = {isa = PBXFileReference; explicitFileType = wrapper.application; includeInIndex = 0; path = FocusPlan.app; sourceTree = BUILT_PRODUCTS_DIR; };
		99078BF41EAF1CD000C3B789 /* AppDelegate.swift */ = {isa = PBXFileReference; lastKnownFileType = sourcecode.swift; path = AppDelegate.swift; sourceTree = "<group>"; };
		99078BF91EAF1CD000C3B789 /* FocusPlan.xcdatamodel */ = {isa = PBXFileReference; lastKnownFileType = wrapper.xcdatamodel; path = FocusPlan.xcdatamodel; sourceTree = "<group>"; };
		99078BFB1EAF1CD000C3B789 /* Assets.xcassets */ = {isa = PBXFileReference; lastKnownFileType = folder.assetcatalog; path = Assets.xcassets; sourceTree = "<group>"; };
		99078C001EAF1CD000C3B789 /* Info.plist */ = {isa = PBXFileReference; lastKnownFileType = text.plist.xml; path = Info.plist; sourceTree = "<group>"; };
		990A18051EAF3C5A00DCE839 /* MainMenu.xib */ = {isa = PBXFileReference; fileEncoding = 4; lastKnownFileType = file.xib; path = MainMenu.xib; sourceTree = "<group>"; };
		990A18071EAF3D2300DCE839 /* ProjectsViewController.swift */ = {isa = PBXFileReference; fileEncoding = 4; lastKnownFileType = sourcecode.swift; path = ProjectsViewController.swift; sourceTree = "<group>"; };
		990A18081EAF3D2300DCE839 /* ProjectsViewController.xib */ = {isa = PBXFileReference; fileEncoding = 4; lastKnownFileType = file.xib; path = ProjectsViewController.xib; sourceTree = "<group>"; };
		990A180B1EAF3D9700DCE839 /* MainWindow.swift */ = {isa = PBXFileReference; fileEncoding = 4; lastKnownFileType = sourcecode.swift; path = MainWindow.swift; sourceTree = "<group>"; };
		991E7AF91EB064FE0086A9D9 /* Project+Reactive.swift */ = {isa = PBXFileReference; fileEncoding = 4; lastKnownFileType = sourcecode.swift; path = "Project+Reactive.swift"; sourceTree = "<group>"; };
		991E7B1D1EB06A340086A9D9 /* NiceReactive.framework */ = {isa = PBXFileReference; lastKnownFileType = wrapper.framework; name = NiceReactive.framework; path = Carthage/Build/Mac/NiceReactive.framework; sourceTree = "<group>"; };
		991E7B211EB071C20086A9D9 /* TasksViewController.swift */ = {isa = PBXFileReference; fileEncoding = 4; lastKnownFileType = sourcecode.swift; path = TasksViewController.swift; sourceTree = "<group>"; };
		991E7B221EB071C20086A9D9 /* TasksViewController.xib */ = {isa = PBXFileReference; fileEncoding = 4; lastKnownFileType = file.xib; path = TasksViewController.xib; sourceTree = "<group>"; };
		991E7B261EB07E3F0086A9D9 /* TasksBackgroundView.swift */ = {isa = PBXFileReference; fileEncoding = 4; lastKnownFileType = sourcecode.swift; path = TasksBackgroundView.swift; sourceTree = "<group>"; };
		991E7B281EB082C60086A9D9 /* TaskTitleTableCellView.swift */ = {isa = PBXFileReference; fileEncoding = 4; lastKnownFileType = sourcecode.swift; path = TaskTitleTableCellView.swift; sourceTree = "<group>"; };
		991E7B2A1EB082FE0086A9D9 /* Task+Reactive.swift */ = {isa = PBXFileReference; fileEncoding = 4; lastKnownFileType = sourcecode.swift; path = "Task+Reactive.swift"; sourceTree = "<group>"; };
		991E7B2C1EB085EF0086A9D9 /* TasksOutlineView.swift */ = {isa = PBXFileReference; fileEncoding = 4; lastKnownFileType = sourcecode.swift; path = TasksOutlineView.swift; sourceTree = "<group>"; };
		991E7B2F1EB0865F0086A9D9 /* NSOutlineView+Extensions.swift */ = {isa = PBXFileReference; fileEncoding = 4; lastKnownFileType = sourcecode.swift; path = "NSOutlineView+Extensions.swift"; sourceTree = "<group>"; };
		991E7B331EB093690086A9D9 /* TasksRowView.swift */ = {isa = PBXFileReference; fileEncoding = 4; lastKnownFileType = sourcecode.swift; path = TasksRowView.swift; sourceTree = "<group>"; };
		991E7B351EB0B9660086A9D9 /* TaskEstimateTableCellView.swift */ = {isa = PBXFileReference; fileEncoding = 4; lastKnownFileType = sourcecode.swift; path = TaskEstimateTableCellView.swift; sourceTree = "<group>"; };
		991E7B371EB0BEF00086A9D9 /* String+Extensions.swift */ = {isa = PBXFileReference; fileEncoding = 4; lastKnownFileType = sourcecode.swift; path = "String+Extensions.swift"; sourceTree = "<group>"; };
		991E7B3B1EB0E80A0086A9D9 /* EditableTableCellView.swift */ = {isa = PBXFileReference; fileEncoding = 4; lastKnownFileType = sourcecode.swift; path = EditableTableCellView.swift; sourceTree = "<group>"; };
		9922F1191EAF656000BFA01F /* Cartography.framework */ = {isa = PBXFileReference; lastKnownFileType = wrapper.framework; name = Cartography.framework; path = Carthage/Build/Mac/Cartography.framework; sourceTree = "<group>"; };
		9922F11A1EAF656000BFA01F /* NiceKit.framework */ = {isa = PBXFileReference; lastKnownFileType = wrapper.framework; name = NiceKit.framework; path = Carthage/Build/Mac/NiceKit.framework; sourceTree = "<group>"; };
		997FFBC61EAF7DA900ABEA01 /* ReactiveCocoa.framework */ = {isa = PBXFileReference; lastKnownFileType = wrapper.framework; name = ReactiveCocoa.framework; path = Carthage/Build/Mac/ReactiveCocoa.framework; sourceTree = "<group>"; };
		997FFBC71EAF7DA900ABEA01 /* ReactiveSwift.framework */ = {isa = PBXFileReference; lastKnownFileType = wrapper.framework; name = ReactiveSwift.framework; path = Carthage/Build/Mac/ReactiveSwift.framework; sourceTree = "<group>"; };
		997FFBC81EAF7DA900ABEA01 /* Result.framework */ = {isa = PBXFileReference; lastKnownFileType = wrapper.framework; name = Result.framework; path = Carthage/Build/Mac/Result.framework; sourceTree = "<group>"; };
		998746C91EB360320079215B /* BacklogViewController.swift */ = {isa = PBXFileReference; fileEncoding = 4; lastKnownFileType = sourcecode.swift; path = BacklogViewController.swift; sourceTree = "<group>"; };
		999E65081EB361B20001AAB7 /* BacklogViewController.xib */ = {isa = PBXFileReference; fileEncoding = 4; lastKnownFileType = file.xib; path = BacklogViewController.xib; sourceTree = "<group>"; };
		999E650B1EB362780001AAB7 /* PlanViewController.swift */ = {isa = PBXFileReference; fileEncoding = 4; lastKnownFileType = sourcecode.swift; path = PlanViewController.swift; sourceTree = "<group>"; };
		999E650C1EB362780001AAB7 /* PlanViewController.xib */ = {isa = PBXFileReference; fileEncoding = 4; lastKnownFileType = file.xib; path = PlanViewController.xib; sourceTree = "<group>"; };
		99A24EA61EB3591300C3F229 /* Palette.swift */ = {isa = PBXFileReference; fileEncoding = 4; lastKnownFileType = sourcecode.swift; path = Palette.swift; sourceTree = "<group>"; };
		99A762671EB1C2CD00A90AE9 /* NiceUI.framework */ = {isa = PBXFileReference; lastKnownFileType = wrapper.framework; name = NiceUI.framework; path = Carthage/Build/Mac/NiceUI.framework; sourceTree = "<group>"; };
		99B6100F1EB05D550098F69C /* Hue.framework */ = {isa = PBXFileReference; lastKnownFileType = wrapper.framework; name = Hue.framework; path = Carthage/Build/Mac/Hue.framework; sourceTree = "<group>"; };
		99B610151EB0602A0098F69C /* ProjectTableCellView.swift */ = {isa = PBXFileReference; fileEncoding = 4; lastKnownFileType = sourcecode.swift; path = ProjectTableCellView.swift; sourceTree = "<group>"; };
		99EEDE371EAF854200662DED /* NiceData.framework */ = {isa = PBXFileReference; lastKnownFileType = wrapper.framework; name = NiceData.framework; path = Carthage/Build/Mac/NiceData.framework; sourceTree = "<group>"; };
		99EEDE591EAF866A00662DED /* FocusPlan.entitlements */ = {isa = PBXFileReference; lastKnownFileType = text.plist.entitlements; path = FocusPlan.entitlements; sourceTree = "<group>"; };
		99EEDE5C1EAF931500662DED /* ProjectsOutlineView.swift */ = {isa = PBXFileReference; fileEncoding = 4; lastKnownFileType = sourcecode.swift; path = ProjectsOutlineView.swift; sourceTree = "<group>"; };
/* End PBXFileReference section */

/* Begin PBXFrameworksBuildPhase section */
		99078BEE1EAF1CD000C3B789 /* Frameworks */ = {
			isa = PBXFrameworksBuildPhase;
			buildActionMask = 2147483647;
			files = (
				997FFBD21EAF7DB200ABEA01 /* Result.framework in Frameworks */,
				991E7B1E1EB06A340086A9D9 /* NiceReactive.framework in Frameworks */,
				99B610101EB05D550098F69C /* Hue.framework in Frameworks */,
				99A762691EB1C2D000A90AE9 /* NiceUI.framework in Frameworks */,
				997FFBD61EAF7DB200ABEA01 /* Cartography.framework in Frameworks */,
				997FFBCE1EAF7DB200ABEA01 /* ReactiveCocoa.framework in Frameworks */,
				997FFBD81EAF7DB200ABEA01 /* NiceKit.framework in Frameworks */,
				997FFBD01EAF7DB200ABEA01 /* ReactiveSwift.framework in Frameworks */,
				99A762681EB1C2CD00A90AE9 /* NiceUI.framework in Frameworks */,
				99EEDE391EAF855400662DED /* NiceData.framework in Frameworks */,
			);
			runOnlyForDeploymentPostprocessing = 0;
		};
/* End PBXFrameworksBuildPhase section */

/* Begin PBXGroup section */
		99078BE81EAF1CD000C3B789 = {
			isa = PBXGroup;
			children = (
				99078BF31EAF1CD000C3B789 /* FocusPlan */,
				99078BF21EAF1CD000C3B789 /* Products */,
				9922F1181EAF654800BFA01F /* Frameworks */,
			);
			sourceTree = "<group>";
		};
		99078BF21EAF1CD000C3B789 /* Products */ = {
			isa = PBXGroup;
			children = (
				99078BF11EAF1CD000C3B789 /* FocusPlan.app */,
			);
			name = Products;
			sourceTree = "<group>";
		};
		99078BF31EAF1CD000C3B789 /* FocusPlan */ = {
			isa = PBXGroup;
			children = (
				991E7B3A1EB0E7FB0086A9D9 /* Shared Views */,
				99EEDE591EAF866A00662DED /* FocusPlan.entitlements */,
				99078BF41EAF1CD000C3B789 /* AppDelegate.swift */,
				990A18051EAF3C5A00DCE839 /* MainMenu.xib */,
				990A180B1EAF3D9700DCE839 /* MainWindow.swift */,
				99A24EA61EB3591300C3F229 /* Palette.swift */,
				991E7B391EB0BEF40086A9D9 /* Swift+Extensions */,
				991E7B2E1EB086520086A9D9 /* AppKit+Extensions */,
				991E7B201EB071AB0086A9D9 /* Projects */,
				998746C81EB360080079215B /* Backlog */,
				999E650A1EB362570001AAB7 /* Plan */,
				991E7B251EB075430086A9D9 /* Tasks */,
				997FFBC31EAF699A00ABEA01 /* Models */,
				99078BFB1EAF1CD000C3B789 /* Assets.xcassets */,
				99078C001EAF1CD000C3B789 /* Info.plist */,
			);
			path = FocusPlan;
			sourceTree = "<group>";
		};
		991E7B201EB071AB0086A9D9 /* Projects */ = {
			isa = PBXGroup;
			children = (
				990A18071EAF3D2300DCE839 /* ProjectsViewController.swift */,
				990A18081EAF3D2300DCE839 /* ProjectsViewController.xib */,
				99EEDE5C1EAF931500662DED /* ProjectsOutlineView.swift */,
				99B610151EB0602A0098F69C /* ProjectTableCellView.swift */,
			);
			name = Projects;
			sourceTree = "<group>";
		};
		991E7B251EB075430086A9D9 /* Tasks */ = {
			isa = PBXGroup;
			children = (
				991E7B211EB071C20086A9D9 /* TasksViewController.swift */,
				991E7B221EB071C20086A9D9 /* TasksViewController.xib */,
				991E7B2C1EB085EF0086A9D9 /* TasksOutlineView.swift */,
				991E7B261EB07E3F0086A9D9 /* TasksBackgroundView.swift */,
				991E7B281EB082C60086A9D9 /* TaskTitleTableCellView.swift */,
				991E7B351EB0B9660086A9D9 /* TaskEstimateTableCellView.swift */,
				991E7B331EB093690086A9D9 /* TasksRowView.swift */,
			);
			name = Tasks;
			sourceTree = "<group>";
		};
		991E7B2E1EB086520086A9D9 /* AppKit+Extensions */ = {
			isa = PBXGroup;
			children = (
				991E7B2F1EB0865F0086A9D9 /* NSOutlineView+Extensions.swift */,
			);
			name = "AppKit+Extensions";
			sourceTree = "<group>";
		};
		991E7B391EB0BEF40086A9D9 /* Swift+Extensions */ = {
			isa = PBXGroup;
			children = (
				991E7B371EB0BEF00086A9D9 /* String+Extensions.swift */,
			);
			name = "Swift+Extensions";
			sourceTree = "<group>";
		};
		991E7B3A1EB0E7FB0086A9D9 /* Shared Views */ = {
			isa = PBXGroup;
			children = (
				991E7B3B1EB0E80A0086A9D9 /* EditableTableCellView.swift */,
			);
			name = "Shared Views";
			sourceTree = "<group>";
		};
		9922F1181EAF654800BFA01F /* Frameworks */ = {
			isa = PBXGroup;
			children = (
				99A762671EB1C2CD00A90AE9 /* NiceUI.framework */,
				991E7B1D1EB06A340086A9D9 /* NiceReactive.framework */,
				99B6100F1EB05D550098F69C /* Hue.framework */,
				99EEDE371EAF854200662DED /* NiceData.framework */,
				997FFBC61EAF7DA900ABEA01 /* ReactiveCocoa.framework */,
				997FFBC71EAF7DA900ABEA01 /* ReactiveSwift.framework */,
				997FFBC81EAF7DA900ABEA01 /* Result.framework */,
				9922F1191EAF656000BFA01F /* Cartography.framework */,
				9922F11A1EAF656000BFA01F /* NiceKit.framework */,
			);
			name = Frameworks;
			sourceTree = "<group>";
		};
		997FFBC31EAF699A00ABEA01 /* Models */ = {
			isa = PBXGroup;
			children = (
				99078BF81EAF1CD000C3B789 /* FocusPlan.xcdatamodeld */,
				991E7AF91EB064FE0086A9D9 /* Project+Reactive.swift */,
				991E7B2A1EB082FE0086A9D9 /* Task+Reactive.swift */,
			);
			name = Models;
			sourceTree = "<group>";
		};
		998746C81EB360080079215B /* Backlog */ = {
			isa = PBXGroup;
			children = (
				998746C91EB360320079215B /* BacklogViewController.swift */,
				999E65081EB361B20001AAB7 /* BacklogViewController.xib */,
			);
			name = Backlog;
			sourceTree = "<group>";
		};
		999E650A1EB362570001AAB7 /* Plan */ = {
			isa = PBXGroup;
			children = (
				999E650B1EB362780001AAB7 /* PlanViewController.swift */,
				999E650C1EB362780001AAB7 /* PlanViewController.xib */,
			);
			name = Plan;
			sourceTree = "<group>";
		};
/* End PBXGroup section */

/* Begin PBXNativeTarget section */
		99078BF01EAF1CD000C3B789 /* FocusPlan */ = {
			isa = PBXNativeTarget;
			buildConfigurationList = 99078C031EAF1CD000C3B789 /* Build configuration list for PBXNativeTarget "FocusPlan" */;
			buildPhases = (
				99078BED1EAF1CD000C3B789 /* Sources */,
				99078BEE1EAF1CD000C3B789 /* Frameworks */,
				99078BEF1EAF1CD000C3B789 /* Resources */,
				997FFBDA1EAF7DB300ABEA01 /* Embed Frameworks */,
			);
			buildRules = (
			);
			dependencies = (
			);
			name = FocusPlan;
			productName = FocusPlan;
			productReference = 99078BF11EAF1CD000C3B789 /* FocusPlan.app */;
			productType = "com.apple.product-type.application";
		};
/* End PBXNativeTarget section */

/* Begin PBXProject section */
		99078BE91EAF1CD000C3B789 /* Project object */ = {
			isa = PBXProject;
			attributes = {
				LastSwiftUpdateCheck = 0830;
				LastUpgradeCheck = 0830;
				ORGANIZATIONNAME = Median;
				TargetAttributes = {
					99078BF01EAF1CD000C3B789 = {
						CreatedOnToolsVersion = 8.3;
						DevelopmentTeam = Q4C48EKH9Z;
						ProvisioningStyle = Automatic;
						SystemCapabilities = {
							com.apple.Sandbox = {
								enabled = 1;
							};
						};
					};
				};
			};
			buildConfigurationList = 99078BEC1EAF1CD000C3B789 /* Build configuration list for PBXProject "FocusPlan" */;
			compatibilityVersion = "Xcode 3.2";
			developmentRegion = English;
			hasScannedForEncodings = 0;
			knownRegions = (
				en,
				Base,
			);
			mainGroup = 99078BE81EAF1CD000C3B789;
			productRefGroup = 99078BF21EAF1CD000C3B789 /* Products */;
			projectDirPath = "";
			projectRoot = "";
			targets = (
				99078BF01EAF1CD000C3B789 /* FocusPlan */,
			);
		};
/* End PBXProject section */

/* Begin PBXResourcesBuildPhase section */
		99078BEF1EAF1CD000C3B789 /* Resources */ = {
			isa = PBXResourcesBuildPhase;
			buildActionMask = 2147483647;
			files = (
				99078BFC1EAF1CD000C3B789 /* Assets.xcassets in Resources */,
				999E650E1EB362780001AAB7 /* PlanViewController.xib in Resources */,
				991E7B241EB071C20086A9D9 /* TasksViewController.xib in Resources */,
				999E65091EB361B20001AAB7 /* BacklogViewController.xib in Resources */,
				990A180A1EAF3D2300DCE839 /* ProjectsViewController.xib in Resources */,
				990A18061EAF3C5A00DCE839 /* MainMenu.xib in Resources */,
			);
			runOnlyForDeploymentPostprocessing = 0;
		};
/* End PBXResourcesBuildPhase section */

/* Begin PBXSourcesBuildPhase section */
		99078BED1EAF1CD000C3B789 /* Sources */ = {
			isa = PBXSourcesBuildPhase;
			buildActionMask = 2147483647;
			files = (
				991E7B341EB093690086A9D9 /* TasksRowView.swift in Sources */,
				999E650D1EB362780001AAB7 /* PlanViewController.swift in Sources */,
				99EEDE5D1EAF931500662DED /* ProjectsOutlineView.swift in Sources */,
				991E7B271EB07E3F0086A9D9 /* TasksBackgroundView.swift in Sources */,
				99A24EA71EB3591300C3F229 /* Palette.swift in Sources */,
				991E7B231EB071C20086A9D9 /* TasksViewController.swift in Sources */,
				991E7B381EB0BEF00086A9D9 /* String+Extensions.swift in Sources */,
				990A180C1EAF3D9700DCE839 /* MainWindow.swift in Sources */,
				990A18091EAF3D2300DCE839 /* ProjectsViewController.swift in Sources */,
				991E7B291EB082C60086A9D9 /* TaskTitleTableCellView.swift in Sources */,
				991E7AFA1EB064FE0086A9D9 /* Project+Reactive.swift in Sources */,
				991E7B301EB0865F0086A9D9 /* NSOutlineView+Extensions.swift in Sources */,
				998746CA1EB360320079215B /* BacklogViewController.swift in Sources */,
				99B610161EB0602A0098F69C /* ProjectTableCellView.swift in Sources */,
				99078BF51EAF1CD000C3B789 /* AppDelegate.swift in Sources */,
				991E7B3C1EB0E80A0086A9D9 /* EditableTableCellView.swift in Sources */,
				991E7B2B1EB082FE0086A9D9 /* Task+Reactive.swift in Sources */,
				991E7B2D1EB085EF0086A9D9 /* TasksOutlineView.swift in Sources */,
				99078BFA1EAF1CD000C3B789 /* FocusPlan.xcdatamodeld in Sources */,
				991E7B361EB0B9660086A9D9 /* TaskEstimateTableCellView.swift in Sources */,
			);
			runOnlyForDeploymentPostprocessing = 0;
		};
/* End PBXSourcesBuildPhase section */

/* Begin XCBuildConfiguration section */
		99078C011EAF1CD000C3B789 /* Debug */ = {
			isa = XCBuildConfiguration;
			buildSettings = {
				ALWAYS_SEARCH_USER_PATHS = NO;
				CLANG_ANALYZER_NONNULL = YES;
				CLANG_ANALYZER_NUMBER_OBJECT_CONVERSION = YES_AGGRESSIVE;
				CLANG_CXX_LANGUAGE_STANDARD = "gnu++0x";
				CLANG_CXX_LIBRARY = "libc++";
				CLANG_ENABLE_MODULES = YES;
				CLANG_ENABLE_OBJC_ARC = YES;
				CLANG_WARN_BOOL_CONVERSION = YES;
				CLANG_WARN_CONSTANT_CONVERSION = YES;
				CLANG_WARN_DIRECT_OBJC_ISA_USAGE = YES_ERROR;
				CLANG_WARN_DOCUMENTATION_COMMENTS = YES;
				CLANG_WARN_EMPTY_BODY = YES;
				CLANG_WARN_ENUM_CONVERSION = YES;
				CLANG_WARN_INFINITE_RECURSION = YES;
				CLANG_WARN_INT_CONVERSION = YES;
				CLANG_WARN_OBJC_ROOT_CLASS = YES_ERROR;
				CLANG_WARN_SUSPICIOUS_MOVE = YES;
				CLANG_WARN_UNREACHABLE_CODE = YES;
				CLANG_WARN__DUPLICATE_METHOD_MATCH = YES;
				CODE_SIGN_IDENTITY = "-";
				COPY_PHASE_STRIP = NO;
				DEBUG_INFORMATION_FORMAT = dwarf;
				ENABLE_STRICT_OBJC_MSGSEND = YES;
				ENABLE_TESTABILITY = YES;
				GCC_C_LANGUAGE_STANDARD = gnu99;
				GCC_DYNAMIC_NO_PIC = NO;
				GCC_NO_COMMON_BLOCKS = YES;
				GCC_OPTIMIZATION_LEVEL = 0;
				GCC_PREPROCESSOR_DEFINITIONS = (
					"DEBUG=1",
					"$(inherited)",
				);
				GCC_WARN_64_TO_32_BIT_CONVERSION = YES;
				GCC_WARN_ABOUT_RETURN_TYPE = YES_ERROR;
				GCC_WARN_UNDECLARED_SELECTOR = YES;
				GCC_WARN_UNINITIALIZED_AUTOS = YES_AGGRESSIVE;
				GCC_WARN_UNUSED_FUNCTION = YES;
				GCC_WARN_UNUSED_VARIABLE = YES;
				MACOSX_DEPLOYMENT_TARGET = 10.12;
				MTL_ENABLE_DEBUG_INFO = YES;
				ONLY_ACTIVE_ARCH = YES;
				SDKROOT = macosx;
				SWIFT_ACTIVE_COMPILATION_CONDITIONS = DEBUG;
				SWIFT_OPTIMIZATION_LEVEL = "-Onone";
			};
			name = Debug;
		};
		99078C021EAF1CD000C3B789 /* Release */ = {
			isa = XCBuildConfiguration;
			buildSettings = {
				ALWAYS_SEARCH_USER_PATHS = NO;
				CLANG_ANALYZER_NONNULL = YES;
				CLANG_ANALYZER_NUMBER_OBJECT_CONVERSION = YES_AGGRESSIVE;
				CLANG_CXX_LANGUAGE_STANDARD = "gnu++0x";
				CLANG_CXX_LIBRARY = "libc++";
				CLANG_ENABLE_MODULES = YES;
				CLANG_ENABLE_OBJC_ARC = YES;
				CLANG_WARN_BOOL_CONVERSION = YES;
				CLANG_WARN_CONSTANT_CONVERSION = YES;
				CLANG_WARN_DIRECT_OBJC_ISA_USAGE = YES_ERROR;
				CLANG_WARN_DOCUMENTATION_COMMENTS = YES;
				CLANG_WARN_EMPTY_BODY = YES;
				CLANG_WARN_ENUM_CONVERSION = YES;
				CLANG_WARN_INFINITE_RECURSION = YES;
				CLANG_WARN_INT_CONVERSION = YES;
				CLANG_WARN_OBJC_ROOT_CLASS = YES_ERROR;
				CLANG_WARN_SUSPICIOUS_MOVE = YES;
				CLANG_WARN_UNREACHABLE_CODE = YES;
				CLANG_WARN__DUPLICATE_METHOD_MATCH = YES;
				CODE_SIGN_IDENTITY = "-";
				COPY_PHASE_STRIP = NO;
				DEBUG_INFORMATION_FORMAT = "dwarf-with-dsym";
				ENABLE_NS_ASSERTIONS = NO;
				ENABLE_STRICT_OBJC_MSGSEND = YES;
				GCC_C_LANGUAGE_STANDARD = gnu99;
				GCC_NO_COMMON_BLOCKS = YES;
				GCC_WARN_64_TO_32_BIT_CONVERSION = YES;
				GCC_WARN_ABOUT_RETURN_TYPE = YES_ERROR;
				GCC_WARN_UNDECLARED_SELECTOR = YES;
				GCC_WARN_UNINITIALIZED_AUTOS = YES_AGGRESSIVE;
				GCC_WARN_UNUSED_FUNCTION = YES;
				GCC_WARN_UNUSED_VARIABLE = YES;
				MACOSX_DEPLOYMENT_TARGET = 10.12;
				MTL_ENABLE_DEBUG_INFO = NO;
				SDKROOT = macosx;
				SWIFT_OPTIMIZATION_LEVEL = "-Owholemodule";
			};
			name = Release;
		};
		99078C041EAF1CD000C3B789 /* Debug */ = {
			isa = XCBuildConfiguration;
			buildSettings = {
				ALWAYS_EMBED_SWIFT_STANDARD_LIBRARIES = YES;
				ASSETCATALOG_COMPILER_APPICON_NAME = AppIcon;
				CODE_SIGN_ENTITLEMENTS = FocusPlan/FocusPlan.entitlements;
				COMBINE_HIDPI_IMAGES = YES;
				DEVELOPMENT_TEAM = Q4C48EKH9Z;
				FRAMEWORK_SEARCH_PATHS = (
					"$(inherited)",
					"$(PROJECT_DIR)/Carthage/Build/Mac",
				);
				INFOPLIST_FILE = FocusPlan/Info.plist;
				LD_RUNPATH_SEARCH_PATHS = "$(inherited) @executable_path/../Frameworks";
				PRODUCT_BUNDLE_IDENTIFIER = tech.median.FocusPlan;
				PRODUCT_NAME = "$(TARGET_NAME)";
				SWIFT_VERSION = 3.0;
			};
			name = Debug;
		};
		99078C051EAF1CD000C3B789 /* Release */ = {
			isa = XCBuildConfiguration;
			buildSettings = {
				ALWAYS_EMBED_SWIFT_STANDARD_LIBRARIES = YES;
				ASSETCATALOG_COMPILER_APPICON_NAME = AppIcon;
				CODE_SIGN_ENTITLEMENTS = FocusPlan/FocusPlan.entitlements;
				COMBINE_HIDPI_IMAGES = YES;
				DEVELOPMENT_TEAM = Q4C48EKH9Z;
				FRAMEWORK_SEARCH_PATHS = (
					"$(inherited)",
					"$(PROJECT_DIR)/Carthage/Build/Mac",
				);
				INFOPLIST_FILE = FocusPlan/Info.plist;
				LD_RUNPATH_SEARCH_PATHS = "$(inherited) @executable_path/../Frameworks";
				PRODUCT_BUNDLE_IDENTIFIER = tech.median.FocusPlan;
				PRODUCT_NAME = "$(TARGET_NAME)";
				SWIFT_VERSION = 3.0;
			};
			name = Release;
		};
/* End XCBuildConfiguration section */

/* Begin XCConfigurationList section */
		99078BEC1EAF1CD000C3B789 /* Build configuration list for PBXProject "FocusPlan" */ = {
			isa = XCConfigurationList;
			buildConfigurations = (
				99078C011EAF1CD000C3B789 /* Debug */,
				99078C021EAF1CD000C3B789 /* Release */,
			);
			defaultConfigurationIsVisible = 0;
			defaultConfigurationName = Release;
		};
		99078C031EAF1CD000C3B789 /* Build configuration list for PBXNativeTarget "FocusPlan" */ = {
			isa = XCConfigurationList;
			buildConfigurations = (
				99078C041EAF1CD000C3B789 /* Debug */,
				99078C051EAF1CD000C3B789 /* Release */,
			);
			defaultConfigurationIsVisible = 0;
			defaultConfigurationName = Release;
		};
/* End XCConfigurationList section */

/* Begin XCVersionGroup section */
		99078BF81EAF1CD000C3B789 /* FocusPlan.xcdatamodeld */ = {
			isa = XCVersionGroup;
			children = (
				99078BF91EAF1CD000C3B789 /* FocusPlan.xcdatamodel */,
			);
			currentVersion = 99078BF91EAF1CD000C3B789 /* FocusPlan.xcdatamodel */;
			path = FocusPlan.xcdatamodeld;
			sourceTree = "<group>";
			versionGroupType = wrapper.xcdatamodel;
		};
/* End XCVersionGroup section */
	};
	rootObject = 99078BE91EAF1CD000C3B789 /* Project object */;
}
